// !$*UTF8*$!
{
	archiveVersion = 1;
	classes = {
	};
	objectVersion = 55;
	objects = {

/* Begin PBXBuildFile section */
		DC707279271C8FFA00EAA19A /* AppDelegate.swift in Sources */ = {isa = PBXBuildFile; fileRef = DC707278271C8FFA00EAA19A /* AppDelegate.swift */; };
		DC70727B271C8FFA00EAA19A /* SceneDelegate.swift in Sources */ = {isa = PBXBuildFile; fileRef = DC70727A271C8FFA00EAA19A /* SceneDelegate.swift */; };
		DC70727D271C8FFA00EAA19A /* ViewController.swift in Sources */ = {isa = PBXBuildFile; fileRef = DC70727C271C8FFA00EAA19A /* ViewController.swift */; };
		DC707280271C8FFA00EAA19A /* Main.storyboard in Resources */ = {isa = PBXBuildFile; fileRef = DC70727E271C8FFA00EAA19A /* Main.storyboard */; };
		DC707282271C8FFB00EAA19A /* Assets.xcassets in Resources */ = {isa = PBXBuildFile; fileRef = DC707281271C8FFB00EAA19A /* Assets.xcassets */; };
		DC707285271C8FFB00EAA19A /* LaunchScreen.storyboard in Resources */ = {isa = PBXBuildFile; fileRef = DC707283271C8FFB00EAA19A /* LaunchScreen.storyboard */; };
		DC707290271C8FFB00EAA19A /* BelalSlideAndActionsTests.swift in Sources */ = {isa = PBXBuildFile; fileRef = DC70728F271C8FFB00EAA19A /* BelalSlideAndActionsTests.swift */; };
		DC70729A271C8FFB00EAA19A /* BelalSlideAndActionsUITests.swift in Sources */ = {isa = PBXBuildFile; fileRef = DC707299271C8FFB00EAA19A /* BelalSlideAndActionsUITests.swift */; };
		DC70729C271C8FFB00EAA19A /* BelalSlideAndActionsUITestsLaunchTests.swift in Sources */ = {isa = PBXBuildFile; fileRef = DC70729B271C8FFB00EAA19A /* BelalSlideAndActionsUITestsLaunchTests.swift */; };
/* End PBXBuildFile section */

/* Begin PBXContainerItemProxy section */
		DC70728C271C8FFB00EAA19A /* PBXContainerItemProxy */ = {
			isa = PBXContainerItemProxy;
			containerPortal = DC70726D271C8FFA00EAA19A /* Project object */;
			proxyType = 1;
			remoteGlobalIDString = DC707274271C8FFA00EAA19A;
			remoteInfo = BelalSlideAndActions;
		};
		DC707296271C8FFB00EAA19A /* PBXContainerItemProxy */ = {
			isa = PBXContainerItemProxy;
			containerPortal = DC70726D271C8FFA00EAA19A /* Project object */;
			proxyType = 1;
			remoteGlobalIDString = DC707274271C8FFA00EAA19A;
			remoteInfo = BelalSlideAndActions;
		};
/* End PBXContainerItemProxy section */

/* Begin PBXFileReference section */
		DC707275271C8FFA00EAA19A /* BelalSlideAndActions.app */ = {isa = PBXFileReference; explicitFileType = wrapper.application; includeInIndex = 0; path = BelalSlideAndActions.app; sourceTree = BUILT_PRODUCTS_DIR; };
		DC707278271C8FFA00EAA19A /* AppDelegate.swift */ = {isa = PBXFileReference; lastKnownFileType = sourcecode.swift; path = AppDelegate.swift; sourceTree = "<group>"; };
		DC70727A271C8FFA00EAA19A /* SceneDelegate.swift */ = {isa = PBXFileReference; lastKnownFileType = sourcecode.swift; path = SceneDelegate.swift; sourceTree = "<group>"; };
		DC70727C271C8FFA00EAA19A /* ViewController.swift */ = {isa = PBXFileReference; lastKnownFileType = sourcecode.swift; path = ViewController.swift; sourceTree = "<group>"; };
		DC70727F271C8FFA00EAA19A /* Base */ = {isa = PBXFileReference; lastKnownFileType = file.storyboard; name = Base; path = Base.lproj/Main.storyboard; sourceTree = "<group>"; };
		DC707281271C8FFB00EAA19A /* Assets.xcassets */ = {isa = PBXFileReference; lastKnownFileType = folder.assetcatalog; path = Assets.xcassets; sourceTree = "<group>"; };
		DC707284271C8FFB00EAA19A /* Base */ = {isa = PBXFileReference; lastKnownFileType = file.storyboard; name = Base; path = Base.lproj/LaunchScreen.storyboard; sourceTree = "<group>"; };
		DC707286271C8FFB00EAA19A /* Info.plist */ = {isa = PBXFileReference; lastKnownFileType = text.plist.xml; path = Info.plist; sourceTree = "<group>"; };
		DC70728B271C8FFB00EAA19A /* BelalSlideAndActionsTests.xctest */ = {isa = PBXFileReference; explicitFileType = wrapper.cfbundle; includeInIndex = 0; path = BelalSlideAndActionsTests.xctest; sourceTree = BUILT_PRODUCTS_DIR; };
		DC70728F271C8FFB00EAA19A /* BelalSlideAndActionsTests.swift */ = {isa = PBXFileReference; lastKnownFileType = sourcecode.swift; path = BelalSlideAndActionsTests.swift; sourceTree = "<group>"; };
		DC707295271C8FFB00EAA19A /* BelalSlideAndActionsUITests.xctest */ = {isa = PBXFileReference; explicitFileType = wrapper.cfbundle; includeInIndex = 0; path = BelalSlideAndActionsUITests.xctest; sourceTree = BUILT_PRODUCTS_DIR; };
		DC707299271C8FFB00EAA19A /* BelalSlideAndActionsUITests.swift */ = {isa = PBXFileReference; lastKnownFileType = sourcecode.swift; path = BelalSlideAndActionsUITests.swift; sourceTree = "<group>"; };
		DC70729B271C8FFB00EAA19A /* BelalSlideAndActionsUITestsLaunchTests.swift */ = {isa = PBXFileReference; lastKnownFileType = sourcecode.swift; path = BelalSlideAndActionsUITestsLaunchTests.swift; sourceTree = "<group>"; };
/* End PBXFileReference section */

/* Begin PBXFrameworksBuildPhase section */
		DC707272271C8FFA00EAA19A /* Frameworks */ = {
			isa = PBXFrameworksBuildPhase;
			buildActionMask = 2147483647;
			files = (
			);
			runOnlyForDeploymentPostprocessing = 0;
		};
		DC707288271C8FFB00EAA19A /* Frameworks */ = {
			isa = PBXFrameworksBuildPhase;
			buildActionMask = 2147483647;
			files = (
			);
			runOnlyForDeploymentPostprocessing = 0;
		};
		DC707292271C8FFB00EAA19A /* Frameworks */ = {
			isa = PBXFrameworksBuildPhase;
			buildActionMask = 2147483647;
			files = (
			);
			runOnlyForDeploymentPostprocessing = 0;
		};
/* End PBXFrameworksBuildPhase section */

/* Begin PBXGroup section */
		DC70726C271C8FFA00EAA19A = {
			isa = PBXGroup;
			children = (
				DC707277271C8FFA00EAA19A /* BelalSlideAndActions */,
				DC70728E271C8FFB00EAA19A /* BelalSlideAndActionsTests */,
				DC707298271C8FFB00EAA19A /* BelalSlideAndActionsUITests */,
				DC707276271C8FFA00EAA19A /* Products */,
			);
			sourceTree = "<group>";
		};
		DC707276271C8FFA00EAA19A /* Products */ = {
			isa = PBXGroup;
			children = (
				DC707275271C8FFA00EAA19A /* BelalSlideAndActions.app */,
				DC70728B271C8FFB00EAA19A /* BelalSlideAndActionsTests.xctest */,
				DC707295271C8FFB00EAA19A /* BelalSlideAndActionsUITests.xctest */,
			);
			name = Products;
			sourceTree = "<group>";
		};
		DC707277271C8FFA00EAA19A /* BelalSlideAndActions */ = {
			isa = PBXGroup;
			children = (
				DC707278271C8FFA00EAA19A /* AppDelegate.swift */,
				DC70727A271C8FFA00EAA19A /* SceneDelegate.swift */,
				DC70727C271C8FFA00EAA19A /* ViewController.swift */,
				DC70727E271C8FFA00EAA19A /* Main.storyboard */,
				DC707281271C8FFB00EAA19A /* Assets.xcassets */,
				DC707283271C8FFB00EAA19A /* LaunchScreen.storyboard */,
				DC707286271C8FFB00EAA19A /* Info.plist */,
			);
			path = BelalSlideAndActions;
			sourceTree = "<group>";
		};
		DC70728E271C8FFB00EAA19A /* BelalSlideAndActionsTests */ = {
			isa = PBXGroup;
			children = (
				DC70728F271C8FFB00EAA19A /* BelalSlideAndActionsTests.swift */,
			);
			path = BelalSlideAndActionsTests;
			sourceTree = "<group>";
		};
		DC707298271C8FFB00EAA19A /* BelalSlideAndActionsUITests */ = {
			isa = PBXGroup;
			children = (
				DC707299271C8FFB00EAA19A /* BelalSlideAndActionsUITests.swift */,
				DC70729B271C8FFB00EAA19A /* BelalSlideAndActionsUITestsLaunchTests.swift */,
			);
			path = BelalSlideAndActionsUITests;
			sourceTree = "<group>";
		};
/* End PBXGroup section */

/* Begin PBXNativeTarget section */
		DC707274271C8FFA00EAA19A /* BelalSlideAndActions */ = {
			isa = PBXNativeTarget;
			buildConfigurationList = DC70729F271C8FFB00EAA19A /* Build configuration list for PBXNativeTarget "BelalSlideAndActions" */;
			buildPhases = (
				DC707271271C8FFA00EAA19A /* Sources */,
				DC707272271C8FFA00EAA19A /* Frameworks */,
				DC707273271C8FFA00EAA19A /* Resources */,
			);
			buildRules = (
			);
			dependencies = (
			);
			name = BelalSlideAndActions;
			productName = BelalSlideAndActions;
			productReference = DC707275271C8FFA00EAA19A /* BelalSlideAndActions.app */;
			productType = "com.apple.product-type.application";
		};
		DC70728A271C8FFB00EAA19A /* BelalSlideAndActionsTests */ = {
			isa = PBXNativeTarget;
			buildConfigurationList = DC7072A2271C8FFB00EAA19A /* Build configuration list for PBXNativeTarget "BelalSlideAndActionsTests" */;
			buildPhases = (
				DC707287271C8FFB00EAA19A /* Sources */,
				DC707288271C8FFB00EAA19A /* Frameworks */,
				DC707289271C8FFB00EAA19A /* Resources */,
			);
			buildRules = (
			);
			dependencies = (
				DC70728D271C8FFB00EAA19A /* PBXTargetDependency */,
			);
			name = BelalSlideAndActionsTests;
			productName = BelalSlideAndActionsTests;
			productReference = DC70728B271C8FFB00EAA19A /* BelalSlideAndActionsTests.xctest */;
			productType = "com.apple.product-type.bundle.unit-test";
		};
		DC707294271C8FFB00EAA19A /* BelalSlideAndActionsUITests */ = {
			isa = PBXNativeTarget;
			buildConfigurationList = DC7072A5271C8FFB00EAA19A /* Build configuration list for PBXNativeTarget "BelalSlideAndActionsUITests" */;
			buildPhases = (
				DC707291271C8FFB00EAA19A /* Sources */,
				DC707292271C8FFB00EAA19A /* Frameworks */,
				DC707293271C8FFB00EAA19A /* Resources */,
			);
			buildRules = (
			);
			dependencies = (
				DC707297271C8FFB00EAA19A /* PBXTargetDependency */,
			);
			name = BelalSlideAndActionsUITests;
			productName = BelalSlideAndActionsUITests;
			productReference = DC707295271C8FFB00EAA19A /* BelalSlideAndActionsUITests.xctest */;
			productType = "com.apple.product-type.bundle.ui-testing";
		};
/* End PBXNativeTarget section */

/* Begin PBXProject section */
		DC70726D271C8FFA00EAA19A /* Project object */ = {
			isa = PBXProject;
			attributes = {
				BuildIndependentTargetsInParallel = 1;
				LastSwiftUpdateCheck = 1300;
				LastUpgradeCheck = 1300;
				TargetAttributes = {
					DC707274271C8FFA00EAA19A = {
						CreatedOnToolsVersion = 13.0;
					};
					DC70728A271C8FFB00EAA19A = {
						CreatedOnToolsVersion = 13.0;
						TestTargetID = DC707274271C8FFA00EAA19A;
					};
					DC707294271C8FFB00EAA19A = {
						CreatedOnToolsVersion = 13.0;
						TestTargetID = DC707274271C8FFA00EAA19A;
					};
				};
			};
			buildConfigurationList = DC707270271C8FFA00EAA19A /* Build configuration list for PBXProject "BelalSlideAndActions" */;
			compatibilityVersion = "Xcode 13.0";
			developmentRegion = en;
			hasScannedForEncodings = 0;
			knownRegions = (
				en,
				Base,
			);
			mainGroup = DC70726C271C8FFA00EAA19A;
			productRefGroup = DC707276271C8FFA00EAA19A /* Products */;
			projectDirPath = "";
			projectRoot = "";
			targets = (
				DC707274271C8FFA00EAA19A /* BelalSlideAndActions */,
				DC70728A271C8FFB00EAA19A /* BelalSlideAndActionsTests */,
				DC707294271C8FFB00EAA19A /* BelalSlideAndActionsUITests */,
			);
		};
/* End PBXProject section */

/* Begin PBXResourcesBuildPhase section */
		DC707273271C8FFA00EAA19A /* Resources */ = {
			isa = PBXResourcesBuildPhase;
			buildActionMask = 2147483647;
			files = (
				DC707285271C8FFB00EAA19A /* LaunchScreen.storyboard in Resources */,
				DC707282271C8FFB00EAA19A /* Assets.xcassets in Resources */,
				DC707280271C8FFA00EAA19A /* Main.storyboard in Resources */,
			);
			runOnlyForDeploymentPostprocessing = 0;
		};
		DC707289271C8FFB00EAA19A /* Resources */ = {
			isa = PBXResourcesBuildPhase;
			buildActionMask = 2147483647;
			files = (
			);
			runOnlyForDeploymentPostprocessing = 0;
		};
		DC707293271C8FFB00EAA19A /* Resources */ = {
			isa = PBXResourcesBuildPhase;
			buildActionMask = 2147483647;
			files = (
			);
			runOnlyForDeploymentPostprocessing = 0;
		};
/* End PBXResourcesBuildPhase section */

/* Begin PBXSourcesBuildPhase section */
		DC707271271C8FFA00EAA19A /* Sources */ = {
			isa = PBXSourcesBuildPhase;
			buildActionMask = 2147483647;
			files = (
				DC70727D271C8FFA00EAA19A /* ViewController.swift in Sources */,
				DC707279271C8FFA00EAA19A /* AppDelegate.swift in Sources */,
				DC70727B271C8FFA00EAA19A /* SceneDelegate.swift in Sources */,
			);
			runOnlyForDeploymentPostprocessing = 0;
		};
		DC707287271C8FFB00EAA19A /* Sources */ = {
			isa = PBXSourcesBuildPhase;
			buildActionMask = 2147483647;
			files = (
				DC707290271C8FFB00EAA19A /* BelalSlideAndActionsTests.swift in Sources */,
			);
			runOnlyForDeploymentPostprocessing = 0;
		};
		DC707291271C8FFB00EAA19A /* Sources */ = {
			isa = PBXSourcesBuildPhase;
			buildActionMask = 2147483647;
			files = (
				DC70729A271C8FFB00EAA19A /* BelalSlideAndActionsUITests.swift in Sources */,
				DC70729C271C8FFB00EAA19A /* BelalSlideAndActionsUITestsLaunchTests.swift in Sources */,
			);
			runOnlyForDeploymentPostprocessing = 0;
		};
/* End PBXSourcesBuildPhase section */

/* Begin PBXTargetDependency section */
		DC70728D271C8FFB00EAA19A /* PBXTargetDependency */ = {
			isa = PBXTargetDependency;
			target = DC707274271C8FFA00EAA19A /* BelalSlideAndActions */;
			targetProxy = DC70728C271C8FFB00EAA19A /* PBXContainerItemProxy */;
		};
		DC707297271C8FFB00EAA19A /* PBXTargetDependency */ = {
			isa = PBXTargetDependency;
			target = DC707274271C8FFA00EAA19A /* BelalSlideAndActions */;
			targetProxy = DC707296271C8FFB00EAA19A /* PBXContainerItemProxy */;
		};
/* End PBXTargetDependency section */

/* Begin PBXVariantGroup section */
		DC70727E271C8FFA00EAA19A /* Main.storyboard */ = {
			isa = PBXVariantGroup;
			children = (
				DC70727F271C8FFA00EAA19A /* Base */,
			);
			name = Main.storyboard;
			sourceTree = "<group>";
		};
		DC707283271C8FFB00EAA19A /* LaunchScreen.storyboard */ = {
			isa = PBXVariantGroup;
			children = (
				DC707284271C8FFB00EAA19A /* Base */,
			);
			name = LaunchScreen.storyboard;
			sourceTree = "<group>";
		};
/* End PBXVariantGroup section */

/* Begin XCBuildConfiguration section */
		DC70729D271C8FFB00EAA19A /* Debug */ = {
			isa = XCBuildConfiguration;
			buildSettings = {
				ALWAYS_SEARCH_USER_PATHS = NO;
				CLANG_ANALYZER_NONNULL = YES;
				CLANG_ANALYZER_NUMBER_OBJECT_CONVERSION = YES_AGGRESSIVE;
				CLANG_CXX_LANGUAGE_STANDARD = "gnu++17";
				CLANG_CXX_LIBRARY = "libc++";
				CLANG_ENABLE_MODULES = YES;
				CLANG_ENABLE_OBJC_ARC = YES;
				CLANG_ENABLE_OBJC_WEAK = YES;
				CLANG_WARN_BLOCK_CAPTURE_AUTORELEASING = YES;
				CLANG_WARN_BOOL_CONVERSION = YES;
				CLANG_WARN_COMMA = YES;
				CLANG_WARN_CONSTANT_CONVERSION = YES;
				CLANG_WARN_DEPRECATED_OBJC_IMPLEMENTATIONS = YES;
				CLANG_WARN_DIRECT_OBJC_ISA_USAGE = YES_ERROR;
				CLANG_WARN_DOCUMENTATION_COMMENTS = YES;
				CLANG_WARN_EMPTY_BODY = YES;
				CLANG_WARN_ENUM_CONVERSION = YES;
				CLANG_WARN_INFINITE_RECURSION = YES;
				CLANG_WARN_INT_CONVERSION = YES;
				CLANG_WARN_NON_LITERAL_NULL_CONVERSION = YES;
				CLANG_WARN_OBJC_IMPLICIT_RETAIN_SELF = YES;
				CLANG_WARN_OBJC_LITERAL_CONVERSION = YES;
				CLANG_WARN_OBJC_ROOT_CLASS = YES_ERROR;
				CLANG_WARN_QUOTED_INCLUDE_IN_FRAMEWORK_HEADER = YES;
				CLANG_WARN_RANGE_LOOP_ANALYSIS = YES;
				CLANG_WARN_STRICT_PROTOTYPES = YES;
				CLANG_WARN_SUSPICIOUS_MOVE = YES;
				CLANG_WARN_UNGUARDED_AVAILABILITY = YES_AGGRESSIVE;
				CLANG_WARN_UNREACHABLE_CODE = YES;
				CLANG_WARN__DUPLICATE_METHOD_MATCH = YES;
				COPY_PHASE_STRIP = NO;
				DEBUG_INFORMATION_FORMAT = dwarf;
				ENABLE_STRICT_OBJC_MSGSEND = YES;
				ENABLE_TESTABILITY = YES;
				GCC_C_LANGUAGE_STANDARD = gnu11;
				GCC_DYNAMIC_NO_PIC = NO;
				GCC_NO_COMMON_BLOCKS = YES;
				GCC_OPTIMIZATION_LEVEL = 0;
				GCC_PREPROCESSOR_DEFINITIONS = (
					"DEBUG=1",
					"$(inherited)",
				);
				GCC_WARN_64_TO_32_BIT_CONVERSION = YES;
				GCC_WARN_ABOUT_RETURN_TYPE = YES_ERROR;
				GCC_WARN_UNDECLARED_SELECTOR = YES;
				GCC_WARN_UNINITIALIZED_AUTOS = YES_AGGRESSIVE;
				GCC_WARN_UNUSED_FUNCTION = YES;
				GCC_WARN_UNUSED_VARIABLE = YES;
				IPHONEOS_DEPLOYMENT_TARGET = 15.0;
				MTL_ENABLE_DEBUG_INFO = INCLUDE_SOURCE;
				MTL_FAST_MATH = YES;
				ONLY_ACTIVE_ARCH = YES;
				SDKROOT = iphoneos;
				SWIFT_ACTIVE_COMPILATION_CONDITIONS = DEBUG;
				SWIFT_OPTIMIZATION_LEVEL = "-Onone";
			};
			name = Debug;
		};
		DC70729E271C8FFB00EAA19A /* Release */ = {
			isa = XCBuildConfiguration;
			buildSettings = {
				ALWAYS_SEARCH_USER_PATHS = NO;
				CLANG_ANALYZER_NONNULL = YES;
				CLANG_ANALYZER_NUMBER_OBJECT_CONVERSION = YES_AGGRESSIVE;
				CLANG_CXX_LANGUAGE_STANDARD = "gnu++17";
				CLANG_CXX_LIBRARY = "libc++";
				CLANG_ENABLE_MODULES = YES;
				CLANG_ENABLE_OBJC_ARC = YES;
				CLANG_ENABLE_OBJC_WEAK = YES;
				CLANG_WARN_BLOCK_CAPTURE_AUTORELEASING = YES;
				CLANG_WARN_BOOL_CONVERSION = YES;
				CLANG_WARN_COMMA = YES;
				CLANG_WARN_CONSTANT_CONVERSION = YES;
				CLANG_WARN_DEPRECATED_OBJC_IMPLEMENTATIONS = YES;
				CLANG_WARN_DIRECT_OBJC_ISA_USAGE = YES_ERROR;
				CLANG_WARN_DOCUMENTATION_COMMENTS = YES;
				CLANG_WARN_EMPTY_BODY = YES;
				CLANG_WARN_ENUM_CONVERSION = YES;
				CLANG_WARN_INFINITE_RECURSION = YES;
				CLANG_WARN_INT_CONVERSION = YES;
				CLANG_WARN_NON_LITERAL_NULL_CONVERSION = YES;
				CLANG_WARN_OBJC_IMPLICIT_RETAIN_SELF = YES;
				CLANG_WARN_OBJC_LITERAL_CONVERSION = YES;
				CLANG_WARN_OBJC_ROOT_CLASS = YES_ERROR;
				CLANG_WARN_QUOTED_INCLUDE_IN_FRAMEWORK_HEADER = YES;
				CLANG_WARN_RANGE_LOOP_ANALYSIS = YES;
				CLANG_WARN_STRICT_PROTOTYPES = YES;
				CLANG_WARN_SUSPICIOUS_MOVE = YES;
				CLANG_WARN_UNGUARDED_AVAILABILITY = YES_AGGRESSIVE;
				CLANG_WARN_UNREACHABLE_CODE = YES;
				CLANG_WARN__DUPLICATE_METHOD_MATCH = YES;
				COPY_PHASE_STRIP = NO;
				DEBUG_INFORMATION_FORMAT = "dwarf-with-dsym";
				ENABLE_NS_ASSERTIONS = NO;
				ENABLE_STRICT_OBJC_MSGSEND = YES;
				GCC_C_LANGUAGE_STANDARD = gnu11;
				GCC_NO_COMMON_BLOCKS = YES;
				GCC_WARN_64_TO_32_BIT_CONVERSION = YES;
				GCC_WARN_ABOUT_RETURN_TYPE = YES_ERROR;
				GCC_WARN_UNDECLARED_SELECTOR = YES;
				GCC_WARN_UNINITIALIZED_AUTOS = YES_AGGRESSIVE;
				GCC_WARN_UNUSED_FUNCTION = YES;
				GCC_WARN_UNUSED_VARIABLE = YES;
				IPHONEOS_DEPLOYMENT_TARGET = 15.0;
				MTL_ENABLE_DEBUG_INFO = NO;
				MTL_FAST_MATH = YES;
				SDKROOT = iphoneos;
				SWIFT_COMPILATION_MODE = wholemodule;
				SWIFT_OPTIMIZATION_LEVEL = "-O";
				VALIDATE_PRODUCT = YES;
			};
			name = Release;
		};
		DC7072A0271C8FFB00EAA19A /* Debug */ = {
			isa = XCBuildConfiguration;
			buildSettings = {
				ASSETCATALOG_COMPILER_APPICON_NAME = AppIcon;
				ASSETCATALOG_COMPILER_GLOBAL_ACCENT_COLOR_NAME = AccentColor;
				CODE_SIGN_STYLE = Automatic;
				CURRENT_PROJECT_VERSION = 1;
				GENERATE_INFOPLIST_FILE = YES;
				INFOPLIST_FILE = BelalSlideAndActions/Info.plist;
				INFOPLIST_KEY_UIApplicationSupportsIndirectInputEvents = YES;
				INFOPLIST_KEY_UILaunchStoryboardName = LaunchScreen;
				INFOPLIST_KEY_UIMainStoryboardFile = Main;
				INFOPLIST_KEY_UISupportedInterfaceOrientations_iPad = "UIInterfaceOrientationPortrait UIInterfaceOrientationPortraitUpsideDown UIInterfaceOrientationLandscapeLeft UIInterfaceOrientationLandscapeRight";
				INFOPLIST_KEY_UISupportedInterfaceOrientations_iPhone = "UIInterfaceOrientationPortrait UIInterfaceOrientationLandscapeLeft UIInterfaceOrientationLandscapeRight";
				LD_RUNPATH_SEARCH_PATHS = (
					"$(inherited)",
					"@executable_path/Frameworks",
				);
				MARKETING_VERSION = 1.0;
				PRODUCT_BUNDLE_IDENTIFIER = Belal.BelalSlideAndActions;
				PRODUCT_NAME = "$(TARGET_NAME)";
				SWIFT_EMIT_LOC_STRINGS = YES;
				SWIFT_VERSION = 5.0;
				TARGETED_DEVICE_FAMILY = "1,2";
			};
			name = Debug;
		};
		DC7072A1271C8FFB00EAA19A /* Release */ = {
			isa = XCBuildConfiguration;
			buildSettings = {
				ASSETCATALOG_COMPILER_APPICON_NAME = AppIcon;
				ASSETCATALOG_COMPILER_GLOBAL_ACCENT_COLOR_NAME = AccentColor;
				CODE_SIGN_STYLE = Automatic;
				CURRENT_PROJECT_VERSION = 1;
				GENERATE_INFOPLIST_FILE = YES;
				INFOPLIST_FILE = BelalSlideAndActions/Info.plist;
				INFOPLIST_KEY_UIApplicationSupportsIndirectInputEvents = YES;
				INFOPLIST_KEY_UILaunchStoryboardName = LaunchScreen;
				INFOPLIST_KEY_UIMainStoryboardFile = Main;
				INFOPLIST_KEY_UISupportedInterfaceOrientations_iPad = "UIInterfaceOrientationPortrait UIInterfaceOrientationPortraitUpsideDown UIInterfaceOrientationLandscapeLeft UIInterfaceOrientationLandscapeRight";
				INFOPLIST_KEY_UISupportedInterfaceOrientations_iPhone = "UIInterfaceOrientationPortrait UIInterfaceOrientationLandscapeLeft UIInterfaceOrientationLandscapeRight";
				LD_RUNPATH_SEARCH_PATHS = (
					"$(inherited)",
					"@executable_path/Frameworks",
				);
				MARKETING_VERSION = 1.0;
				PRODUCT_BUNDLE_IDENTIFIER = Belal.BelalSlideAndActions;
				PRODUCT_NAME = "$(TARGET_NAME)";
				SWIFT_EMIT_LOC_STRINGS = YES;
				SWIFT_VERSION = 5.0;
				TARGETED_DEVICE_FAMILY = "1,2";
			};
			name = Release;
		};
		DC7072A3271C8FFB00EAA19A /* Debug */ = {
			isa = XCBuildConfiguration;
			buildSettings = {
				ALWAYS_EMBED_SWIFT_STANDARD_LIBRARIES = YES;
				BUNDLE_LOADER = "$(TEST_HOST)";
				CODE_SIGN_STYLE = Automatic;
				CURRENT_PROJECT_VERSION = 1;
				GENERATE_INFOPLIST_FILE = YES;
				IPHONEOS_DEPLOYMENT_TARGET = 15.0;
				LD_RUNPATH_SEARCH_PATHS = (
					"$(inherited)",
					"@executable_path/Frameworks",
					"@loader_path/Frameworks",
				);
				MARKETING_VERSION = 1.0;
				PRODUCT_BUNDLE_IDENTIFIER = Belal.BelalSlideAndActionsTests;
				PRODUCT_NAME = "$(TARGET_NAME)";
				SWIFT_EMIT_LOC_STRINGS = NO;
				SWIFT_VERSION = 5.0;
				TARGETED_DEVICE_FAMILY = "1,2";
				TEST_HOST = "$(BUILT_PRODUCTS_DIR)/BelalSlideAndActions.app/BelalSlideAndActions";
			};
			name = Debug;
		};
		DC7072A4271C8FFB00EAA19A /* Release */ = {
			isa = XCBuildConfiguration;
			buildSettings = {
				ALWAYS_EMBED_SWIFT_STANDARD_LIBRARIES = YES;
				BUNDLE_LOADER = "$(TEST_HOST)";
				CODE_SIGN_STYLE = Automatic;
				CURRENT_PROJECT_VERSION = 1;
				GENERATE_INFOPLIST_FILE = YES;
				IPHONEOS_DEPLOYMENT_TARGET = 15.0;
				LD_RUNPATH_SEARCH_PATHS = (
					"$(inherited)",
					"@executable_path/Frameworks",
					"@loader_path/Frameworks",
				);
				MARKETING_VERSION = 1.0;
				PRODUCT_BUNDLE_IDENTIFIER = Belal.BelalSlideAndActionsTests;
				PRODUCT_NAME = "$(TARGET_NAME)";
				SWIFT_EMIT_LOC_STRINGS = NO;
				SWIFT_VERSION = 5.0;
				TARGETED_DEVICE_FAMILY = "1,2";
				TEST_HOST = "$(BUILT_PRODUCTS_DIR)/BelalSlideAndActions.app/BelalSlideAndActions";
			};
			name = Release;
		};
		DC7072A6271C8FFB00EAA19A /* Debug */ = {
			isa = XCBuildConfiguration;
			buildSettings = {
				ALWAYS_EMBED_SWIFT_STANDARD_LIBRARIES = YES;
				CODE_SIGN_STYLE = Automatic;
				CURRENT_PROJECT_VERSION = 1;
				GENERATE_INFOPLIST_FILE = YES;
				LD_RUNPATH_SEARCH_PATHS = (
					"$(inherited)",
					"@executable_path/Frameworks",
					"@loader_path/Frameworks",
				);
				MARKETING_VERSION = 1.0;
				PRODUCT_BUNDLE_IDENTIFIER = Belal.BelalSlideAndActionsUITests;
				PRODUCT_NAME = "$(TARGET_NAME)";
				SWIFT_EMIT_LOC_STRINGS = NO;
				SWIFT_VERSION = 5.0;
				TARGETED_DEVICE_FAMILY = "1,2";
				TEST_TARGET_NAME = BelalSlideAndActions;
			};
			name = Debug;
		};
		DC7072A7271C8FFB00EAA19A /* Release */ = {
			isa = XCBuildConfiguration;
			buildSettings = {
				ALWAYS_EMBED_SWIFT_STANDARD_LIBRARIES = YES;
				CODE_SIGN_STYLE = Automatic;
				CURRENT_PROJECT_VERSION = 1;
				GENERATE_INFOPLIST_FILE = YES;
				LD_RUNPATH_SEARCH_PATHS = (
					"$(inherited)",
					"@executable_path/Frameworks",
					"@loader_path/Frameworks",
				);
				MARKETING_VERSION = 1.0;
				PRODUCT_BUNDLE_IDENTIFIER = Belal.BelalSlideAndActionsUITests;
				PRODUCT_NAME = "$(TARGET_NAME)";
				SWIFT_EMIT_LOC_STRINGS = NO;
				SWIFT_VERSION = 5.0;
				TARGETED_DEVICE_FAMILY = "1,2";
				TEST_TARGET_NAME = BelalSlideAndActions;
			};
			name = Release;
		};
/* End XCBuildConfiguration section */

/* Begin XCConfigurationList section */
		DC707270271C8FFA00EAA19A /* Build configuration list for PBXProject "BelalSlideAndActions" */ = {
			isa = XCConfigurationList;
			buildConfigurations = (
				DC70729D271C8FFB00EAA19A /* Debug */,
				DC70729E271C8FFB00EAA19A /* Release */,
			);
			defaultConfigurationIsVisible = 0;
			defaultConfigurationName = Release;
		};
		DC70729F271C8FFB00EAA19A /* Build configuration list for PBXNativeTarget "BelalSlideAndActions" */ = {
			isa = XCConfigurationList;
			buildConfigurations = (
				DC7072A0271C8FFB00EAA19A /* Debug */,
				DC7072A1271C8FFB00EAA19A /* Release */,
			);
			defaultConfigurationIsVisible = 0;
			defaultConfigurationName = Release;
		};
		DC7072A2271C8FFB00EAA19A /* Build configuration list for PBXNativeTarget "BelalSlideAndActionsTests" */ = {
			isa = XCConfigurationList;
			buildConfigurations = (
				DC7072A3271C8FFB00EAA19A /* Debug */,
				DC7072A4271C8FFB00EAA19A /* Release */,
			);
			defaultConfigurationIsVisible = 0;
			defaultConfigurationName = Release;
		};
		DC7072A5271C8FFB00EAA19A /* Build configuration list for PBXNativeTarget "BelalSlideAndActionsUITests" */ = {
			isa = XCConfigurationList;
			buildConfigurations = (
				DC7072A6271C8FFB00EAA19A /* Debug */,
				DC7072A7271C8FFB00EAA19A /* Release */,
			);
			defaultConfigurationIsVisible = 0;
			defaultConfigurationName = Release;
		};
/* End XCConfigurationList section */
	};
	rootObject = DC70726D271C8FFA00EAA19A /* Project object */;
}
