// !$*UTF8*$!
{
	archiveVersion = 1;
	classes = {
	};
	objectVersion = 55;
	objects = {

/* Begin PBXBuildFile section */
		BD7852C0271C91D20023B426 /* AppDelegate.swift in Sources */ = {isa = PBXBuildFile; fileRef = BD7852BF271C91D20023B426 /* AppDelegate.swift */; };
		BD7852C2271C91D20023B426 /* SceneDelegate.swift in Sources */ = {isa = PBXBuildFile; fileRef = BD7852C1271C91D20023B426 /* SceneDelegate.swift */; };
		BD7852C4271C91D20023B426 /* ViewController.swift in Sources */ = {isa = PBXBuildFile; fileRef = BD7852C3271C91D20023B426 /* ViewController.swift */; };
		BD7852C7271C91D20023B426 /* Main.storyboard in Resources */ = {isa = PBXBuildFile; fileRef = BD7852C5271C91D20023B426 /* Main.storyboard */; };
		BD7852C9271C91D30023B426 /* Assets.xcassets in Resources */ = {isa = PBXBuildFile; fileRef = BD7852C8271C91D30023B426 /* Assets.xcassets */; };
		BD7852CC271C91D30023B426 /* LaunchScreen.storyboard in Resources */ = {isa = PBXBuildFile; fileRef = BD7852CA271C91D30023B426 /* LaunchScreen.storyboard */; };
		BD7852D7271C91D30023B426 /* WorkTwoTests.swift in Sources */ = {isa = PBXBuildFile; fileRef = BD7852D6271C91D30023B426 /* WorkTwoTests.swift */; };
		BD7852E1271C91D30023B426 /* WorkTwoUITests.swift in Sources */ = {isa = PBXBuildFile; fileRef = BD7852E0271C91D30023B426 /* WorkTwoUITests.swift */; };
		BD7852E3271C91D30023B426 /* WorkTwoUITestsLaunchTests.swift in Sources */ = {isa = PBXBuildFile; fileRef = BD7852E2271C91D30023B426 /* WorkTwoUITestsLaunchTests.swift */; };
/* End PBXBuildFile section */

/* Begin PBXContainerItemProxy section */
		BD7852D3271C91D30023B426 /* PBXContainerItemProxy */ = {
			isa = PBXContainerItemProxy;
			containerPortal = BD7852B4271C91D20023B426 /* Project object */;
			proxyType = 1;
			remoteGlobalIDString = BD7852BB271C91D20023B426;
			remoteInfo = WorkTwo;
		};
		BD7852DD271C91D30023B426 /* PBXContainerItemProxy */ = {
			isa = PBXContainerItemProxy;
			containerPortal = BD7852B4271C91D20023B426 /* Project object */;
			proxyType = 1;
			remoteGlobalIDString = BD7852BB271C91D20023B426;
			remoteInfo = WorkTwo;
		};
/* End PBXContainerItemProxy section */

/* Begin PBXFileReference section */
		BD7852BC271C91D20023B426 /* WorkTwo.app */ = {isa = PBXFileReference; explicitFileType = wrapper.application; includeInIndex = 0; path = WorkTwo.app; sourceTree = BUILT_PRODUCTS_DIR; };
		BD7852BF271C91D20023B426 /* AppDelegate.swift */ = {isa = PBXFileReference; lastKnownFileType = sourcecode.swift; path = AppDelegate.swift; sourceTree = "<group>"; };
		BD7852C1271C91D20023B426 /* SceneDelegate.swift */ = {isa = PBXFileReference; lastKnownFileType = sourcecode.swift; path = SceneDelegate.swift; sourceTree = "<group>"; };
		BD7852C3271C91D20023B426 /* ViewController.swift */ = {isa = PBXFileReference; lastKnownFileType = sourcecode.swift; path = ViewController.swift; sourceTree = "<group>"; };
		BD7852C6271C91D20023B426 /* Base */ = {isa = PBXFileReference; lastKnownFileType = file.storyboard; name = Base; path = Base.lproj/Main.storyboard; sourceTree = "<group>"; };
		BD7852C8271C91D30023B426 /* Assets.xcassets */ = {isa = PBXFileReference; lastKnownFileType = folder.assetcatalog; path = Assets.xcassets; sourceTree = "<group>"; };
		BD7852CB271C91D30023B426 /* Base */ = {isa = PBXFileReference; lastKnownFileType = file.storyboard; name = Base; path = Base.lproj/LaunchScreen.storyboard; sourceTree = "<group>"; };
		BD7852CD271C91D30023B426 /* Info.plist */ = {isa = PBXFileReference; lastKnownFileType = text.plist.xml; path = Info.plist; sourceTree = "<group>"; };
		BD7852D2271C91D30023B426 /* WorkTwoTests.xctest */ = {isa = PBXFileReference; explicitFileType = wrapper.cfbundle; includeInIndex = 0; path = WorkTwoTests.xctest; sourceTree = BUILT_PRODUCTS_DIR; };
		BD7852D6271C91D30023B426 /* WorkTwoTests.swift */ = {isa = PBXFileReference; lastKnownFileType = sourcecode.swift; path = WorkTwoTests.swift; sourceTree = "<group>"; };
		BD7852DC271C91D30023B426 /* WorkTwoUITests.xctest */ = {isa = PBXFileReference; explicitFileType = wrapper.cfbundle; includeInIndex = 0; path = WorkTwoUITests.xctest; sourceTree = BUILT_PRODUCTS_DIR; };
		BD7852E0271C91D30023B426 /* WorkTwoUITests.swift */ = {isa = PBXFileReference; lastKnownFileType = sourcecode.swift; path = WorkTwoUITests.swift; sourceTree = "<group>"; };
		BD7852E2271C91D30023B426 /* WorkTwoUITestsLaunchTests.swift */ = {isa = PBXFileReference; lastKnownFileType = sourcecode.swift; path = WorkTwoUITestsLaunchTests.swift; sourceTree = "<group>"; };
/* End PBXFileReference section */

/* Begin PBXFrameworksBuildPhase section */
		BD7852B9271C91D20023B426 /* Frameworks */ = {
			isa = PBXFrameworksBuildPhase;
			buildActionMask = 2147483647;
			files = (
			);
			runOnlyForDeploymentPostprocessing = 0;
		};
		BD7852CF271C91D30023B426 /* Frameworks */ = {
			isa = PBXFrameworksBuildPhase;
			buildActionMask = 2147483647;
			files = (
			);
			runOnlyForDeploymentPostprocessing = 0;
		};
		BD7852D9271C91D30023B426 /* Frameworks */ = {
			isa = PBXFrameworksBuildPhase;
			buildActionMask = 2147483647;
			files = (
			);
			runOnlyForDeploymentPostprocessing = 0;
		};
/* End PBXFrameworksBuildPhase section */

/* Begin PBXGroup section */
		BD7852B3271C91D20023B426 = {
			isa = PBXGroup;
			children = (
				BD7852BE271C91D20023B426 /* WorkTwo */,
				BD7852D5271C91D30023B426 /* WorkTwoTests */,
				BD7852DF271C91D30023B426 /* WorkTwoUITests */,
				BD7852BD271C91D20023B426 /* Products */,
			);
			sourceTree = "<group>";
		};
		BD7852BD271C91D20023B426 /* Products */ = {
			isa = PBXGroup;
			children = (
				BD7852BC271C91D20023B426 /* WorkTwo.app */,
				BD7852D2271C91D30023B426 /* WorkTwoTests.xctest */,
				BD7852DC271C91D30023B426 /* WorkTwoUITests.xctest */,
			);
			name = Products;
			sourceTree = "<group>";
		};
		BD7852BE271C91D20023B426 /* WorkTwo */ = {
			isa = PBXGroup;
			children = (
				BD7852BF271C91D20023B426 /* AppDelegate.swift */,
				BD7852C1271C91D20023B426 /* SceneDelegate.swift */,
				BD7852C3271C91D20023B426 /* ViewController.swift */,
				BD7852C5271C91D20023B426 /* Main.storyboard */,
				BD7852C8271C91D30023B426 /* Assets.xcassets */,
				BD7852CA271C91D30023B426 /* LaunchScreen.storyboard */,
				BD7852CD271C91D30023B426 /* Info.plist */,
			);
			path = WorkTwo;
			sourceTree = "<group>";
		};
		BD7852D5271C91D30023B426 /* WorkTwoTests */ = {
			isa = PBXGroup;
			children = (
				BD7852D6271C91D30023B426 /* WorkTwoTests.swift */,
			);
			path = WorkTwoTests;
			sourceTree = "<group>";
		};
		BD7852DF271C91D30023B426 /* WorkTwoUITests */ = {
			isa = PBXGroup;
			children = (
				BD7852E0271C91D30023B426 /* WorkTwoUITests.swift */,
				BD7852E2271C91D30023B426 /* WorkTwoUITestsLaunchTests.swift */,
			);
			path = WorkTwoUITests;
			sourceTree = "<group>";
		};
/* End PBXGroup section */

/* Begin PBXNativeTarget section */
		BD7852BB271C91D20023B426 /* WorkTwo */ = {
			isa = PBXNativeTarget;
			buildConfigurationList = BD7852E6271C91D30023B426 /* Build configuration list for PBXNativeTarget "WorkTwo" */;
			buildPhases = (
				BD7852B8271C91D20023B426 /* Sources */,
				BD7852B9271C91D20023B426 /* Frameworks */,
				BD7852BA271C91D20023B426 /* Resources */,
			);
			buildRules = (
			);
			dependencies = (
			);
			name = WorkTwo;
			productName = WorkTwo;
			productReference = BD7852BC271C91D20023B426 /* WorkTwo.app */;
			productType = "com.apple.product-type.application";
		};
		BD7852D1271C91D30023B426 /* WorkTwoTests */ = {
			isa = PBXNativeTarget;
			buildConfigurationList = BD7852E9271C91D30023B426 /* Build configuration list for PBXNativeTarget "WorkTwoTests" */;
			buildPhases = (
				BD7852CE271C91D30023B426 /* Sources */,
				BD7852CF271C91D30023B426 /* Frameworks */,
				BD7852D0271C91D30023B426 /* Resources */,
			);
			buildRules = (
			);
			dependencies = (
				BD7852D4271C91D30023B426 /* PBXTargetDependency */,
			);
			name = WorkTwoTests;
			productName = WorkTwoTests;
			productReference = BD7852D2271C91D30023B426 /* WorkTwoTests.xctest */;
			productType = "com.apple.product-type.bundle.unit-test";
		};
		BD7852DB271C91D30023B426 /* WorkTwoUITests */ = {
			isa = PBXNativeTarget;
			buildConfigurationList = BD7852EC271C91D30023B426 /* Build configuration list for PBXNativeTarget "WorkTwoUITests" */;
			buildPhases = (
				BD7852D8271C91D30023B426 /* Sources */,
				BD7852D9271C91D30023B426 /* Frameworks */,
				BD7852DA271C91D30023B426 /* Resources */,
			);
			buildRules = (
			);
			dependencies = (
				BD7852DE271C91D30023B426 /* PBXTargetDependency */,
			);
			name = WorkTwoUITests;
			productName = WorkTwoUITests;
			productReference = BD7852DC271C91D30023B426 /* WorkTwoUITests.xctest */;
			productType = "com.apple.product-type.bundle.ui-testing";
		};
/* End PBXNativeTarget section */

/* Begin PBXProject section */
		BD7852B4271C91D20023B426 /* Project object */ = {
			isa = PBXProject;
			attributes = {
				BuildIndependentTargetsInParallel = 1;
				LastSwiftUpdateCheck = 1300;
				LastUpgradeCheck = 1300;
				TargetAttributes = {
					BD7852BB271C91D20023B426 = {
						CreatedOnToolsVersion = 13.0;
					};
					BD7852D1271C91D30023B426 = {
						CreatedOnToolsVersion = 13.0;
						TestTargetID = BD7852BB271C91D20023B426;
					};
					BD7852DB271C91D30023B426 = {
						CreatedOnToolsVersion = 13.0;
						TestTargetID = BD7852BB271C91D20023B426;
					};
				};
			};
			buildConfigurationList = BD7852B7271C91D20023B426 /* Build configuration list for PBXProject "WorkTwo" */;
			compatibilityVersion = "Xcode 13.0";
			developmentRegion = en;
			hasScannedForEncodings = 0;
			knownRegions = (
				en,
				Base,
			);
			mainGroup = BD7852B3271C91D20023B426;
			productRefGroup = BD7852BD271C91D20023B426 /* Products */;
			projectDirPath = "";
			projectRoot = "";
			targets = (
				BD7852BB271C91D20023B426 /* WorkTwo */,
				BD7852D1271C91D30023B426 /* WorkTwoTests */,
				BD7852DB271C91D30023B426 /* WorkTwoUITests */,
			);
		};
/* End PBXProject section */

/* Begin PBXResourcesBuildPhase section */
		BD7852BA271C91D20023B426 /* Resources */ = {
			isa = PBXResourcesBuildPhase;
			buildActionMask = 2147483647;
			files = (
				BD7852CC271C91D30023B426 /* LaunchScreen.storyboard in Resources */,
				BD7852C9271C91D30023B426 /* Assets.xcassets in Resources */,
				BD7852C7271C91D20023B426 /* Main.storyboard in Resources */,
			);
			runOnlyForDeploymentPostprocessing = 0;
		};
		BD7852D0271C91D30023B426 /* Resources */ = {
			isa = PBXResourcesBuildPhase;
			buildActionMask = 2147483647;
			files = (
			);
			runOnlyForDeploymentPostprocessing = 0;
		};
		BD7852DA271C91D30023B426 /* Resources */ = {
			isa = PBXResourcesBuildPhase;
			buildActionMask = 2147483647;
			files = (
			);
			runOnlyForDeploymentPostprocessing = 0;
		};
/* End PBXResourcesBuildPhase section */

/* Begin PBXSourcesBuildPhase section */
		BD7852B8271C91D20023B426 /* Sources */ = {
			isa = PBXSourcesBuildPhase;
			buildActionMask = 2147483647;
			files = (
				BD7852C4271C91D20023B426 /* ViewController.swift in Sources */,
				BD7852C0271C91D20023B426 /* AppDelegate.swift in Sources */,
				BD7852C2271C91D20023B426 /* SceneDelegate.swift in Sources */,
			);
			runOnlyForDeploymentPostprocessing = 0;
		};
		BD7852CE271C91D30023B426 /* Sources */ = {
			isa = PBXSourcesBuildPhase;
			buildActionMask = 2147483647;
			files = (
				BD7852D7271C91D30023B426 /* WorkTwoTests.swift in Sources */,
			);
			runOnlyForDeploymentPostprocessing = 0;
		};
		BD7852D8271C91D30023B426 /* Sources */ = {
			isa = PBXSourcesBuildPhase;
			buildActionMask = 2147483647;
			files = (
				BD7852E3271C91D30023B426 /* WorkTwoUITestsLaunchTests.swift in Sources */,
				BD7852E1271C91D30023B426 /* WorkTwoUITests.swift in Sources */,
			);
			runOnlyForDeploymentPostprocessing = 0;
		};
/* End PBXSourcesBuildPhase section */

/* Begin PBXTargetDependency section */
		BD7852D4271C91D30023B426 /* PBXTargetDependency */ = {
			isa = PBXTargetDependency;
			target = BD7852BB271C91D20023B426 /* WorkTwo */;
			targetProxy = BD7852D3271C91D30023B426 /* PBXContainerItemProxy */;
		};
		BD7852DE271C91D30023B426 /* PBXTargetDependency */ = {
			isa = PBXTargetDependency;
			target = BD7852BB271C91D20023B426 /* WorkTwo */;
			targetProxy = BD7852DD271C91D30023B426 /* PBXContainerItemProxy */;
		};
/* End PBXTargetDependency section */

/* Begin PBXVariantGroup section */
		BD7852C5271C91D20023B426 /* Main.storyboard */ = {
			isa = PBXVariantGroup;
			children = (
				BD7852C6271C91D20023B426 /* Base */,
			);
			name = Main.storyboard;
			sourceTree = "<group>";
		};
		BD7852CA271C91D30023B426 /* LaunchScreen.storyboard */ = {
			isa = PBXVariantGroup;
			children = (
				BD7852CB271C91D30023B426 /* Base */,
			);
			name = LaunchScreen.storyboard;
			sourceTree = "<group>";
		};
/* End PBXVariantGroup section */

/* Begin XCBuildConfiguration section */
		BD7852E4271C91D30023B426 /* Debug */ = {
			isa = XCBuildConfiguration;
			buildSettings = {
				ALWAYS_SEARCH_USER_PATHS = NO;
				CLANG_ANALYZER_NONNULL = YES;
				CLANG_ANALYZER_NUMBER_OBJECT_CONVERSION = YES_AGGRESSIVE;
				CLANG_CXX_LANGUAGE_STANDARD = "gnu++17";
				CLANG_CXX_LIBRARY = "libc++";
				CLANG_ENABLE_MODULES = YES;
				CLANG_ENABLE_OBJC_ARC = YES;
				CLANG_ENABLE_OBJC_WEAK = YES;
				CLANG_WARN_BLOCK_CAPTURE_AUTORELEASING = YES;
				CLANG_WARN_BOOL_CONVERSION = YES;
				CLANG_WARN_COMMA = YES;
				CLANG_WARN_CONSTANT_CONVERSION = YES;
				CLANG_WARN_DEPRECATED_OBJC_IMPLEMENTATIONS = YES;
				CLANG_WARN_DIRECT_OBJC_ISA_USAGE = YES_ERROR;
				CLANG_WARN_DOCUMENTATION_COMMENTS = YES;
				CLANG_WARN_EMPTY_BODY = YES;
				CLANG_WARN_ENUM_CONVERSION = YES;
				CLANG_WARN_INFINITE_RECURSION = YES;
				CLANG_WARN_INT_CONVERSION = YES;
				CLANG_WARN_NON_LITERAL_NULL_CONVERSION = YES;
				CLANG_WARN_OBJC_IMPLICIT_RETAIN_SELF = YES;
				CLANG_WARN_OBJC_LITERAL_CONVERSION = YES;
				CLANG_WARN_OBJC_ROOT_CLASS = YES_ERROR;
				CLANG_WARN_QUOTED_INCLUDE_IN_FRAMEWORK_HEADER = YES;
				CLANG_WARN_RANGE_LOOP_ANALYSIS = YES;
				CLANG_WARN_STRICT_PROTOTYPES = YES;
				CLANG_WARN_SUSPICIOUS_MOVE = YES;
				CLANG_WARN_UNGUARDED_AVAILABILITY = YES_AGGRESSIVE;
				CLANG_WARN_UNREACHABLE_CODE = YES;
				CLANG_WARN__DUPLICATE_METHOD_MATCH = YES;
				COPY_PHASE_STRIP = NO;
				DEBUG_INFORMATION_FORMAT = dwarf;
				ENABLE_STRICT_OBJC_MSGSEND = YES;
				ENABLE_TESTABILITY = YES;
				GCC_C_LANGUAGE_STANDARD = gnu11;
				GCC_DYNAMIC_NO_PIC = NO;
				GCC_NO_COMMON_BLOCKS = YES;
				GCC_OPTIMIZATION_LEVEL = 0;
				GCC_PREPROCESSOR_DEFINITIONS = (
					"DEBUG=1",
					"$(inherited)",
				);
				GCC_WARN_64_TO_32_BIT_CONVERSION = YES;
				GCC_WARN_ABOUT_RETURN_TYPE = YES_ERROR;
				GCC_WARN_UNDECLARED_SELECTOR = YES;
				GCC_WARN_UNINITIALIZED_AUTOS = YES_AGGRESSIVE;
				GCC_WARN_UNUSED_FUNCTION = YES;
				GCC_WARN_UNUSED_VARIABLE = YES;
				IPHONEOS_DEPLOYMENT_TARGET = 15.0;
				MTL_ENABLE_DEBUG_INFO = INCLUDE_SOURCE;
				MTL_FAST_MATH = YES;
				ONLY_ACTIVE_ARCH = YES;
				SDKROOT = iphoneos;
				SWIFT_ACTIVE_COMPILATION_CONDITIONS = DEBUG;
				SWIFT_OPTIMIZATION_LEVEL = "-Onone";
			};
			name = Debug;
		};
		BD7852E5271C91D30023B426 /* Release */ = {
			isa = XCBuildConfiguration;
			buildSettings = {
				ALWAYS_SEARCH_USER_PATHS = NO;
				CLANG_ANALYZER_NONNULL = YES;
				CLANG_ANALYZER_NUMBER_OBJECT_CONVERSION = YES_AGGRESSIVE;
				CLANG_CXX_LANGUAGE_STANDARD = "gnu++17";
				CLANG_CXX_LIBRARY = "libc++";
				CLANG_ENABLE_MODULES = YES;
				CLANG_ENABLE_OBJC_ARC = YES;
				CLANG_ENABLE_OBJC_WEAK = YES;
				CLANG_WARN_BLOCK_CAPTURE_AUTORELEASING = YES;
				CLANG_WARN_BOOL_CONVERSION = YES;
				CLANG_WARN_COMMA = YES;
				CLANG_WARN_CONSTANT_CONVERSION = YES;
				CLANG_WARN_DEPRECATED_OBJC_IMPLEMENTATIONS = YES;
				CLANG_WARN_DIRECT_OBJC_ISA_USAGE = YES_ERROR;
				CLANG_WARN_DOCUMENTATION_COMMENTS = YES;
				CLANG_WARN_EMPTY_BODY = YES;
				CLANG_WARN_ENUM_CONVERSION = YES;
				CLANG_WARN_INFINITE_RECURSION = YES;
				CLANG_WARN_INT_CONVERSION = YES;
				CLANG_WARN_NON_LITERAL_NULL_CONVERSION = YES;
				CLANG_WARN_OBJC_IMPLICIT_RETAIN_SELF = YES;
				CLANG_WARN_OBJC_LITERAL_CONVERSION = YES;
				CLANG_WARN_OBJC_ROOT_CLASS = YES_ERROR;
				CLANG_WARN_QUOTED_INCLUDE_IN_FRAMEWORK_HEADER = YES;
				CLANG_WARN_RANGE_LOOP_ANALYSIS = YES;
				CLANG_WARN_STRICT_PROTOTYPES = YES;
				CLANG_WARN_SUSPICIOUS_MOVE = YES;
				CLANG_WARN_UNGUARDED_AVAILABILITY = YES_AGGRESSIVE;
				CLANG_WARN_UNREACHABLE_CODE = YES;
				CLANG_WARN__DUPLICATE_METHOD_MATCH = YES;
				COPY_PHASE_STRIP = NO;
				DEBUG_INFORMATION_FORMAT = "dwarf-with-dsym";
				ENABLE_NS_ASSERTIONS = NO;
				ENABLE_STRICT_OBJC_MSGSEND = YES;
				GCC_C_LANGUAGE_STANDARD = gnu11;
				GCC_NO_COMMON_BLOCKS = YES;
				GCC_WARN_64_TO_32_BIT_CONVERSION = YES;
				GCC_WARN_ABOUT_RETURN_TYPE = YES_ERROR;
				GCC_WARN_UNDECLARED_SELECTOR = YES;
				GCC_WARN_UNINITIALIZED_AUTOS = YES_AGGRESSIVE;
				GCC_WARN_UNUSED_FUNCTION = YES;
				GCC_WARN_UNUSED_VARIABLE = YES;
				IPHONEOS_DEPLOYMENT_TARGET = 15.0;
				MTL_ENABLE_DEBUG_INFO = NO;
				MTL_FAST_MATH = YES;
				SDKROOT = iphoneos;
				SWIFT_COMPILATION_MODE = wholemodule;
				SWIFT_OPTIMIZATION_LEVEL = "-O";
				VALIDATE_PRODUCT = YES;
			};
			name = Release;
		};
		BD7852E7271C91D30023B426 /* Debug */ = {
			isa = XCBuildConfiguration;
			buildSettings = {
				ASSETCATALOG_COMPILER_APPICON_NAME = AppIcon;
				ASSETCATALOG_COMPILER_GLOBAL_ACCENT_COLOR_NAME = AccentColor;
				CODE_SIGN_STYLE = Automatic;
				CURRENT_PROJECT_VERSION = 1;
				GENERATE_INFOPLIST_FILE = YES;
				INFOPLIST_FILE = WorkTwo/Info.plist;
				INFOPLIST_KEY_UIApplicationSupportsIndirectInputEvents = YES;
				INFOPLIST_KEY_UILaunchStoryboardName = LaunchScreen;
				INFOPLIST_KEY_UIMainStoryboardFile = Main;
				INFOPLIST_KEY_UISupportedInterfaceOrientations_iPad = "UIInterfaceOrientationPortrait UIInterfaceOrientationPortraitUpsideDown UIInterfaceOrientationLandscapeLeft UIInterfaceOrientationLandscapeRight";
				INFOPLIST_KEY_UISupportedInterfaceOrientations_iPhone = "UIInterfaceOrientationPortrait UIInterfaceOrientationLandscapeLeft UIInterfaceOrientationLandscapeRight";
				LD_RUNPATH_SEARCH_PATHS = (
					"$(inherited)",
					"@executable_path/Frameworks",
				);
				MARKETING_VERSION = 1.0;
				PRODUCT_BUNDLE_IDENTIFIER = tuwaiq.jaz.WorkTwo;
				PRODUCT_NAME = "$(TARGET_NAME)";
				SWIFT_EMIT_LOC_STRINGS = YES;
				SWIFT_VERSION = 5.0;
				TARGETED_DEVICE_FAMILY = "1,2";
			};
			name = Debug;
		};
		BD7852E8271C91D30023B426 /* Release */ = {
			isa = XCBuildConfiguration;
			buildSettings = {
				ASSETCATALOG_COMPILER_APPICON_NAME = AppIcon;
				ASSETCATALOG_COMPILER_GLOBAL_ACCENT_COLOR_NAME = AccentColor;
				CODE_SIGN_STYLE = Automatic;
				CURRENT_PROJECT_VERSION = 1;
				GENERATE_INFOPLIST_FILE = YES;
				INFOPLIST_FILE = WorkTwo/Info.plist;
				INFOPLIST_KEY_UIApplicationSupportsIndirectInputEvents = YES;
				INFOPLIST_KEY_UILaunchStoryboardName = LaunchScreen;
				INFOPLIST_KEY_UIMainStoryboardFile = Main;
				INFOPLIST_KEY_UISupportedInterfaceOrientations_iPad = "UIInterfaceOrientationPortrait UIInterfaceOrientationPortraitUpsideDown UIInterfaceOrientationLandscapeLeft UIInterfaceOrientationLandscapeRight";
				INFOPLIST_KEY_UISupportedInterfaceOrientations_iPhone = "UIInterfaceOrientationPortrait UIInterfaceOrientationLandscapeLeft UIInterfaceOrientationLandscapeRight";
				LD_RUNPATH_SEARCH_PATHS = (
					"$(inherited)",
					"@executable_path/Frameworks",
				);
				MARKETING_VERSION = 1.0;
				PRODUCT_BUNDLE_IDENTIFIER = tuwaiq.jaz.WorkTwo;
				PRODUCT_NAME = "$(TARGET_NAME)";
				SWIFT_EMIT_LOC_STRINGS = YES;
				SWIFT_VERSION = 5.0;
				TARGETED_DEVICE_FAMILY = "1,2";
			};
			name = Release;
		};
		BD7852EA271C91D30023B426 /* Debug */ = {
			isa = XCBuildConfiguration;
			buildSettings = {
				ALWAYS_EMBED_SWIFT_STANDARD_LIBRARIES = YES;
				BUNDLE_LOADER = "$(TEST_HOST)";
				CODE_SIGN_STYLE = Automatic;
				CURRENT_PROJECT_VERSION = 1;
				GENERATE_INFOPLIST_FILE = YES;
				IPHONEOS_DEPLOYMENT_TARGET = 15.0;
				LD_RUNPATH_SEARCH_PATHS = (
					"$(inherited)",
					"@executable_path/Frameworks",
					"@loader_path/Frameworks",
				);
				MARKETING_VERSION = 1.0;
				PRODUCT_BUNDLE_IDENTIFIER = tuwaiq.jaz.WorkTwoTests;
				PRODUCT_NAME = "$(TARGET_NAME)";
				SWIFT_EMIT_LOC_STRINGS = NO;
				SWIFT_VERSION = 5.0;
				TARGETED_DEVICE_FAMILY = "1,2";
				TEST_HOST = "$(BUILT_PRODUCTS_DIR)/WorkTwo.app/WorkTwo";
			};
			name = Debug;
		};
		BD7852EB271C91D30023B426 /* Release */ = {
			isa = XCBuildConfiguration;
			buildSettings = {
				ALWAYS_EMBED_SWIFT_STANDARD_LIBRARIES = YES;
				BUNDLE_LOADER = "$(TEST_HOST)";
				CODE_SIGN_STYLE = Automatic;
				CURRENT_PROJECT_VERSION = 1;
				GENERATE_INFOPLIST_FILE = YES;
				IPHONEOS_DEPLOYMENT_TARGET = 15.0;
				LD_RUNPATH_SEARCH_PATHS = (
					"$(inherited)",
					"@executable_path/Frameworks",
					"@loader_path/Frameworks",
				);
				MARKETING_VERSION = 1.0;
				PRODUCT_BUNDLE_IDENTIFIER = tuwaiq.jaz.WorkTwoTests;
				PRODUCT_NAME = "$(TARGET_NAME)";
				SWIFT_EMIT_LOC_STRINGS = NO;
				SWIFT_VERSION = 5.0;
				TARGETED_DEVICE_FAMILY = "1,2";
				TEST_HOST = "$(BUILT_PRODUCTS_DIR)/WorkTwo.app/WorkTwo";
			};
			name = Release;
		};
		BD7852ED271C91D30023B426 /* Debug */ = {
			isa = XCBuildConfiguration;
			buildSettings = {
				ALWAYS_EMBED_SWIFT_STANDARD_LIBRARIES = YES;
				CODE_SIGN_STYLE = Automatic;
				CURRENT_PROJECT_VERSION = 1;
				GENERATE_INFOPLIST_FILE = YES;
				LD_RUNPATH_SEARCH_PATHS = (
					"$(inherited)",
					"@executable_path/Frameworks",
					"@loader_path/Frameworks",
				);
				MARKETING_VERSION = 1.0;
				PRODUCT_BUNDLE_IDENTIFIER = tuwaiq.jaz.WorkTwoUITests;
				PRODUCT_NAME = "$(TARGET_NAME)";
				SWIFT_EMIT_LOC_STRINGS = NO;
				SWIFT_VERSION = 5.0;
				TARGETED_DEVICE_FAMILY = "1,2";
				TEST_TARGET_NAME = WorkTwo;
			};
			name = Debug;
		};
		BD7852EE271C91D30023B426 /* Release */ = {
			isa = XCBuildConfiguration;
			buildSettings = {
				ALWAYS_EMBED_SWIFT_STANDARD_LIBRARIES = YES;
				CODE_SIGN_STYLE = Automatic;
				CURRENT_PROJECT_VERSION = 1;
				GENERATE_INFOPLIST_FILE = YES;
				LD_RUNPATH_SEARCH_PATHS = (
					"$(inherited)",
					"@executable_path/Frameworks",
					"@loader_path/Frameworks",
				);
				MARKETING_VERSION = 1.0;
				PRODUCT_BUNDLE_IDENTIFIER = tuwaiq.jaz.WorkTwoUITests;
				PRODUCT_NAME = "$(TARGET_NAME)";
				SWIFT_EMIT_LOC_STRINGS = NO;
				SWIFT_VERSION = 5.0;
				TARGETED_DEVICE_FAMILY = "1,2";
				TEST_TARGET_NAME = WorkTwo;
			};
			name = Release;
		};
/* End XCBuildConfiguration section */

/* Begin XCConfigurationList section */
		BD7852B7271C91D20023B426 /* Build configuration list for PBXProject "WorkTwo" */ = {
			isa = XCConfigurationList;
			buildConfigurations = (
				BD7852E4271C91D30023B426 /* Debug */,
				BD7852E5271C91D30023B426 /* Release */,
			);
			defaultConfigurationIsVisible = 0;
			defaultConfigurationName = Release;
		};
		BD7852E6271C91D30023B426 /* Build configuration list for PBXNativeTarget "WorkTwo" */ = {
			isa = XCConfigurationList;
			buildConfigurations = (
				BD7852E7271C91D30023B426 /* Debug */,
				BD7852E8271C91D30023B426 /* Release */,
			);
			defaultConfigurationIsVisible = 0;
			defaultConfigurationName = Release;
		};
		BD7852E9271C91D30023B426 /* Build configuration list for PBXNativeTarget "WorkTwoTests" */ = {
			isa = XCConfigurationList;
			buildConfigurations = (
				BD7852EA271C91D30023B426 /* Debug */,
				BD7852EB271C91D30023B426 /* Release */,
			);
			defaultConfigurationIsVisible = 0;
			defaultConfigurationName = Release;
		};
		BD7852EC271C91D30023B426 /* Build configuration list for PBXNativeTarget "WorkTwoUITests" */ = {
			isa = XCConfigurationList;
			buildConfigurations = (
				BD7852ED271C91D30023B426 /* Debug */,
				BD7852EE271C91D30023B426 /* Release */,
			);
			defaultConfigurationIsVisible = 0;
			defaultConfigurationName = Release;
		};
/* End XCConfigurationList section */
	};
	rootObject = BD7852B4271C91D20023B426 /* Project object */;
}
