// !$*UTF8*$!
{
	archiveVersion = 1;
	classes = {
	};
	objectVersion = 55;
	objects = {

/* Begin PBXBuildFile section */
		9A76DC42271C28B000ABCEBF /* AppDelegate.swift in Sources */ = {isa = PBXBuildFile; fileRef = 9A76DC41271C28B000ABCEBF /* AppDelegate.swift */; };
		9A76DC44271C28B000ABCEBF /* SceneDelegate.swift in Sources */ = {isa = PBXBuildFile; fileRef = 9A76DC43271C28B000ABCEBF /* SceneDelegate.swift */; };
		9A76DC46271C28B000ABCEBF /* ViewController.swift in Sources */ = {isa = PBXBuildFile; fileRef = 9A76DC45271C28B000ABCEBF /* ViewController.swift */; };
		9A76DC49271C28B000ABCEBF /* Main.storyboard in Resources */ = {isa = PBXBuildFile; fileRef = 9A76DC47271C28B000ABCEBF /* Main.storyboard */; };
		9A76DC4B271C28B200ABCEBF /* Assets.xcassets in Resources */ = {isa = PBXBuildFile; fileRef = 9A76DC4A271C28B200ABCEBF /* Assets.xcassets */; };
		9A76DC4E271C28B200ABCEBF /* LaunchScreen.storyboard in Resources */ = {isa = PBXBuildFile; fileRef = 9A76DC4C271C28B200ABCEBF /* LaunchScreen.storyboard */; };
		9A76DC59271C28B200ABCEBF /* Lab_09Tests.swift in Sources */ = {isa = PBXBuildFile; fileRef = 9A76DC58271C28B200ABCEBF /* Lab_09Tests.swift */; };
		9A76DC63271C28B200ABCEBF /* Lab_09UITests.swift in Sources */ = {isa = PBXBuildFile; fileRef = 9A76DC62271C28B200ABCEBF /* Lab_09UITests.swift */; };
		9A76DC65271C28B200ABCEBF /* Lab_09UITestsLaunchTests.swift in Sources */ = {isa = PBXBuildFile; fileRef = 9A76DC64271C28B200ABCEBF /* Lab_09UITestsLaunchTests.swift */; };
/* End PBXBuildFile section */

/* Begin PBXContainerItemProxy section */
		9A76DC55271C28B200ABCEBF /* PBXContainerItemProxy */ = {
			isa = PBXContainerItemProxy;
			containerPortal = 9A76DC36271C28B000ABCEBF /* Project object */;
			proxyType = 1;
			remoteGlobalIDString = 9A76DC3D271C28B000ABCEBF;
			remoteInfo = "Lab-09";
		};
		9A76DC5F271C28B200ABCEBF /* PBXContainerItemProxy */ = {
			isa = PBXContainerItemProxy;
			containerPortal = 9A76DC36271C28B000ABCEBF /* Project object */;
			proxyType = 1;
			remoteGlobalIDString = 9A76DC3D271C28B000ABCEBF;
			remoteInfo = "Lab-09";
		};
/* End PBXContainerItemProxy section */

/* Begin PBXFileReference section */
		9A76DC3E271C28B000ABCEBF /* Lab-09.app */ = {isa = PBXFileReference; explicitFileType = wrapper.application; includeInIndex = 0; path = "Lab-09.app"; sourceTree = BUILT_PRODUCTS_DIR; };
		9A76DC41271C28B000ABCEBF /* AppDelegate.swift */ = {isa = PBXFileReference; lastKnownFileType = sourcecode.swift; path = AppDelegate.swift; sourceTree = "<group>"; };
		9A76DC43271C28B000ABCEBF /* SceneDelegate.swift */ = {isa = PBXFileReference; lastKnownFileType = sourcecode.swift; path = SceneDelegate.swift; sourceTree = "<group>"; };
		9A76DC45271C28B000ABCEBF /* ViewController.swift */ = {isa = PBXFileReference; lastKnownFileType = sourcecode.swift; path = ViewController.swift; sourceTree = "<group>"; };
		9A76DC48271C28B000ABCEBF /* Base */ = {isa = PBXFileReference; lastKnownFileType = file.storyboard; name = Base; path = Base.lproj/Main.storyboard; sourceTree = "<group>"; };
		9A76DC4A271C28B200ABCEBF /* Assets.xcassets */ = {isa = PBXFileReference; lastKnownFileType = folder.assetcatalog; path = Assets.xcassets; sourceTree = "<group>"; };
		9A76DC4D271C28B200ABCEBF /* Base */ = {isa = PBXFileReference; lastKnownFileType = file.storyboard; name = Base; path = Base.lproj/LaunchScreen.storyboard; sourceTree = "<group>"; };
		9A76DC4F271C28B200ABCEBF /* Info.plist */ = {isa = PBXFileReference; lastKnownFileType = text.plist.xml; path = Info.plist; sourceTree = "<group>"; };
		9A76DC54271C28B200ABCEBF /* Lab-09Tests.xctest */ = {isa = PBXFileReference; explicitFileType = wrapper.cfbundle; includeInIndex = 0; path = "Lab-09Tests.xctest"; sourceTree = BUILT_PRODUCTS_DIR; };
		9A76DC58271C28B200ABCEBF /* Lab_09Tests.swift */ = {isa = PBXFileReference; lastKnownFileType = sourcecode.swift; path = Lab_09Tests.swift; sourceTree = "<group>"; };
		9A76DC5E271C28B200ABCEBF /* Lab-09UITests.xctest */ = {isa = PBXFileReference; explicitFileType = wrapper.cfbundle; includeInIndex = 0; path = "Lab-09UITests.xctest"; sourceTree = BUILT_PRODUCTS_DIR; };
		9A76DC62271C28B200ABCEBF /* Lab_09UITests.swift */ = {isa = PBXFileReference; lastKnownFileType = sourcecode.swift; path = Lab_09UITests.swift; sourceTree = "<group>"; };
		9A76DC64271C28B200ABCEBF /* Lab_09UITestsLaunchTests.swift */ = {isa = PBXFileReference; lastKnownFileType = sourcecode.swift; path = Lab_09UITestsLaunchTests.swift; sourceTree = "<group>"; };
/* End PBXFileReference section */

/* Begin PBXFrameworksBuildPhase section */
		9A76DC3B271C28B000ABCEBF /* Frameworks */ = {
			isa = PBXFrameworksBuildPhase;
			buildActionMask = 2147483647;
			files = (
			);
			runOnlyForDeploymentPostprocessing = 0;
		};
		9A76DC51271C28B200ABCEBF /* Frameworks */ = {
			isa = PBXFrameworksBuildPhase;
			buildActionMask = 2147483647;
			files = (
			);
			runOnlyForDeploymentPostprocessing = 0;
		};
		9A76DC5B271C28B200ABCEBF /* Frameworks */ = {
			isa = PBXFrameworksBuildPhase;
			buildActionMask = 2147483647;
			files = (
			);
			runOnlyForDeploymentPostprocessing = 0;
		};
/* End PBXFrameworksBuildPhase section */

/* Begin PBXGroup section */
		9A76DC35271C28B000ABCEBF = {
			isa = PBXGroup;
			children = (
				9A76DC40271C28B000ABCEBF /* Lab-09 */,
				9A76DC57271C28B200ABCEBF /* Lab-09Tests */,
				9A76DC61271C28B200ABCEBF /* Lab-09UITests */,
				9A76DC3F271C28B000ABCEBF /* Products */,
			);
			sourceTree = "<group>";
		};
		9A76DC3F271C28B000ABCEBF /* Products */ = {
			isa = PBXGroup;
			children = (
				9A76DC3E271C28B000ABCEBF /* Lab-09.app */,
				9A76DC54271C28B200ABCEBF /* Lab-09Tests.xctest */,
				9A76DC5E271C28B200ABCEBF /* Lab-09UITests.xctest */,
			);
			name = Products;
			sourceTree = "<group>";
		};
		9A76DC40271C28B000ABCEBF /* Lab-09 */ = {
			isa = PBXGroup;
			children = (
				9A76DC41271C28B000ABCEBF /* AppDelegate.swift */,
				9A76DC43271C28B000ABCEBF /* SceneDelegate.swift */,
				9A76DC45271C28B000ABCEBF /* ViewController.swift */,
				9A76DC47271C28B000ABCEBF /* Main.storyboard */,
				9A76DC4A271C28B200ABCEBF /* Assets.xcassets */,
				9A76DC4C271C28B200ABCEBF /* LaunchScreen.storyboard */,
				9A76DC4F271C28B200ABCEBF /* Info.plist */,
			);
			path = "Lab-09";
			sourceTree = "<group>";
		};
		9A76DC57271C28B200ABCEBF /* Lab-09Tests */ = {
			isa = PBXGroup;
			children = (
				9A76DC58271C28B200ABCEBF /* Lab_09Tests.swift */,
			);
			path = "Lab-09Tests";
			sourceTree = "<group>";
		};
		9A76DC61271C28B200ABCEBF /* Lab-09UITests */ = {
			isa = PBXGroup;
			children = (
				9A76DC62271C28B200ABCEBF /* Lab_09UITests.swift */,
				9A76DC64271C28B200ABCEBF /* Lab_09UITestsLaunchTests.swift */,
			);
			path = "Lab-09UITests";
			sourceTree = "<group>";
		};
/* End PBXGroup section */

/* Begin PBXNativeTarget section */
		9A76DC3D271C28B000ABCEBF /* Lab-09 */ = {
			isa = PBXNativeTarget;
			buildConfigurationList = 9A76DC68271C28B200ABCEBF /* Build configuration list for PBXNativeTarget "Lab-09" */;
			buildPhases = (
				9A76DC3A271C28B000ABCEBF /* Sources */,
				9A76DC3B271C28B000ABCEBF /* Frameworks */,
				9A76DC3C271C28B000ABCEBF /* Resources */,
			);
			buildRules = (
			);
			dependencies = (
			);
			name = "Lab-09";
			productName = "Lab-09";
			productReference = 9A76DC3E271C28B000ABCEBF /* Lab-09.app */;
			productType = "com.apple.product-type.application";
		};
		9A76DC53271C28B200ABCEBF /* Lab-09Tests */ = {
			isa = PBXNativeTarget;
			buildConfigurationList = 9A76DC6B271C28B200ABCEBF /* Build configuration list for PBXNativeTarget "Lab-09Tests" */;
			buildPhases = (
				9A76DC50271C28B200ABCEBF /* Sources */,
				9A76DC51271C28B200ABCEBF /* Frameworks */,
				9A76DC52271C28B200ABCEBF /* Resources */,
			);
			buildRules = (
			);
			dependencies = (
				9A76DC56271C28B200ABCEBF /* PBXTargetDependency */,
			);
			name = "Lab-09Tests";
			productName = "Lab-09Tests";
			productReference = 9A76DC54271C28B200ABCEBF /* Lab-09Tests.xctest */;
			productType = "com.apple.product-type.bundle.unit-test";
		};
		9A76DC5D271C28B200ABCEBF /* Lab-09UITests */ = {
			isa = PBXNativeTarget;
			buildConfigurationList = 9A76DC6E271C28B200ABCEBF /* Build configuration list for PBXNativeTarget "Lab-09UITests" */;
			buildPhases = (
				9A76DC5A271C28B200ABCEBF /* Sources */,
				9A76DC5B271C28B200ABCEBF /* Frameworks */,
				9A76DC5C271C28B200ABCEBF /* Resources */,
			);
			buildRules = (
			);
			dependencies = (
				9A76DC60271C28B200ABCEBF /* PBXTargetDependency */,
			);
			name = "Lab-09UITests";
			productName = "Lab-09UITests";
			productReference = 9A76DC5E271C28B200ABCEBF /* Lab-09UITests.xctest */;
			productType = "com.apple.product-type.bundle.ui-testing";
		};
/* End PBXNativeTarget section */

/* Begin PBXProject section */
		9A76DC36271C28B000ABCEBF /* Project object */ = {
			isa = PBXProject;
			attributes = {
				BuildIndependentTargetsInParallel = 1;
				LastSwiftUpdateCheck = 1300;
				LastUpgradeCheck = 1300;
				TargetAttributes = {
					9A76DC3D271C28B000ABCEBF = {
						CreatedOnToolsVersion = 13.0;
					};
					9A76DC53271C28B200ABCEBF = {
						CreatedOnToolsVersion = 13.0;
						TestTargetID = 9A76DC3D271C28B000ABCEBF;
					};
					9A76DC5D271C28B200ABCEBF = {
						CreatedOnToolsVersion = 13.0;
						TestTargetID = 9A76DC3D271C28B000ABCEBF;
					};
				};
			};
			buildConfigurationList = 9A76DC39271C28B000ABCEBF /* Build configuration list for PBXProject "Lab-09" */;
			compatibilityVersion = "Xcode 13.0";
			developmentRegion = en;
			hasScannedForEncodings = 0;
			knownRegions = (
				en,
				Base,
			);
			mainGroup = 9A76DC35271C28B000ABCEBF;
			productRefGroup = 9A76DC3F271C28B000ABCEBF /* Products */;
			projectDirPath = "";
			projectRoot = "";
			targets = (
				9A76DC3D271C28B000ABCEBF /* Lab-09 */,
				9A76DC53271C28B200ABCEBF /* Lab-09Tests */,
				9A76DC5D271C28B200ABCEBF /* Lab-09UITests */,
			);
		};
/* End PBXProject section */

/* Begin PBXResourcesBuildPhase section */
		9A76DC3C271C28B000ABCEBF /* Resources */ = {
			isa = PBXResourcesBuildPhase;
			buildActionMask = 2147483647;
			files = (
				9A76DC4E271C28B200ABCEBF /* LaunchScreen.storyboard in Resources */,
				9A76DC4B271C28B200ABCEBF /* Assets.xcassets in Resources */,
				9A76DC49271C28B000ABCEBF /* Main.storyboard in Resources */,
			);
			runOnlyForDeploymentPostprocessing = 0;
		};
		9A76DC52271C28B200ABCEBF /* Resources */ = {
			isa = PBXResourcesBuildPhase;
			buildActionMask = 2147483647;
			files = (
			);
			runOnlyForDeploymentPostprocessing = 0;
		};
		9A76DC5C271C28B200ABCEBF /* Resources */ = {
			isa = PBXResourcesBuildPhase;
			buildActionMask = 2147483647;
			files = (
			);
			runOnlyForDeploymentPostprocessing = 0;
		};
/* End PBXResourcesBuildPhase section */

/* Begin PBXSourcesBuildPhase section */
		9A76DC3A271C28B000ABCEBF /* Sources */ = {
			isa = PBXSourcesBuildPhase;
			buildActionMask = 2147483647;
			files = (
				9A76DC46271C28B000ABCEBF /* ViewController.swift in Sources */,
				9A76DC42271C28B000ABCEBF /* AppDelegate.swift in Sources */,
				9A76DC44271C28B000ABCEBF /* SceneDelegate.swift in Sources */,
			);
			runOnlyForDeploymentPostprocessing = 0;
		};
		9A76DC50271C28B200ABCEBF /* Sources */ = {
			isa = PBXSourcesBuildPhase;
			buildActionMask = 2147483647;
			files = (
				9A76DC59271C28B200ABCEBF /* Lab_09Tests.swift in Sources */,
			);
			runOnlyForDeploymentPostprocessing = 0;
		};
		9A76DC5A271C28B200ABCEBF /* Sources */ = {
			isa = PBXSourcesBuildPhase;
			buildActionMask = 2147483647;
			files = (
				9A76DC63271C28B200ABCEBF /* Lab_09UITests.swift in Sources */,
				9A76DC65271C28B200ABCEBF /* Lab_09UITestsLaunchTests.swift in Sources */,
			);
			runOnlyForDeploymentPostprocessing = 0;
		};
/* End PBXSourcesBuildPhase section */

/* Begin PBXTargetDependency section */
		9A76DC56271C28B200ABCEBF /* PBXTargetDependency */ = {
			isa = PBXTargetDependency;
			target = 9A76DC3D271C28B000ABCEBF /* Lab-09 */;
			targetProxy = 9A76DC55271C28B200ABCEBF /* PBXContainerItemProxy */;
		};
		9A76DC60271C28B200ABCEBF /* PBXTargetDependency */ = {
			isa = PBXTargetDependency;
			target = 9A76DC3D271C28B000ABCEBF /* Lab-09 */;
			targetProxy = 9A76DC5F271C28B200ABCEBF /* PBXContainerItemProxy */;
		};
/* End PBXTargetDependency section */

/* Begin PBXVariantGroup section */
		9A76DC47271C28B000ABCEBF /* Main.storyboard */ = {
			isa = PBXVariantGroup;
			children = (
				9A76DC48271C28B000ABCEBF /* Base */,
			);
			name = Main.storyboard;
			sourceTree = "<group>";
		};
		9A76DC4C271C28B200ABCEBF /* LaunchScreen.storyboard */ = {
			isa = PBXVariantGroup;
			children = (
				9A76DC4D271C28B200ABCEBF /* Base */,
			);
			name = LaunchScreen.storyboard;
			sourceTree = "<group>";
		};
/* End PBXVariantGroup section */

/* Begin XCBuildConfiguration section */
		9A76DC66271C28B200ABCEBF /* Debug */ = {
			isa = XCBuildConfiguration;
			buildSettings = {
				ALWAYS_SEARCH_USER_PATHS = NO;
				CLANG_ANALYZER_NONNULL = YES;
				CLANG_ANALYZER_NUMBER_OBJECT_CONVERSION = YES_AGGRESSIVE;
				CLANG_CXX_LANGUAGE_STANDARD = "gnu++17";
				CLANG_CXX_LIBRARY = "libc++";
				CLANG_ENABLE_MODULES = YES;
				CLANG_ENABLE_OBJC_ARC = YES;
				CLANG_ENABLE_OBJC_WEAK = YES;
				CLANG_WARN_BLOCK_CAPTURE_AUTORELEASING = YES;
				CLANG_WARN_BOOL_CONVERSION = YES;
				CLANG_WARN_COMMA = YES;
				CLANG_WARN_CONSTANT_CONVERSION = YES;
				CLANG_WARN_DEPRECATED_OBJC_IMPLEMENTATIONS = YES;
				CLANG_WARN_DIRECT_OBJC_ISA_USAGE = YES_ERROR;
				CLANG_WARN_DOCUMENTATION_COMMENTS = YES;
				CLANG_WARN_EMPTY_BODY = YES;
				CLANG_WARN_ENUM_CONVERSION = YES;
				CLANG_WARN_INFINITE_RECURSION = YES;
				CLANG_WARN_INT_CONVERSION = YES;
				CLANG_WARN_NON_LITERAL_NULL_CONVERSION = YES;
				CLANG_WARN_OBJC_IMPLICIT_RETAIN_SELF = YES;
				CLANG_WARN_OBJC_LITERAL_CONVERSION = YES;
				CLANG_WARN_OBJC_ROOT_CLASS = YES_ERROR;
				CLANG_WARN_QUOTED_INCLUDE_IN_FRAMEWORK_HEADER = YES;
				CLANG_WARN_RANGE_LOOP_ANALYSIS = YES;
				CLANG_WARN_STRICT_PROTOTYPES = YES;
				CLANG_WARN_SUSPICIOUS_MOVE = YES;
				CLANG_WARN_UNGUARDED_AVAILABILITY = YES_AGGRESSIVE;
				CLANG_WARN_UNREACHABLE_CODE = YES;
				CLANG_WARN__DUPLICATE_METHOD_MATCH = YES;
				COPY_PHASE_STRIP = NO;
				DEBUG_INFORMATION_FORMAT = dwarf;
				ENABLE_STRICT_OBJC_MSGSEND = YES;
				ENABLE_TESTABILITY = YES;
				GCC_C_LANGUAGE_STANDARD = gnu11;
				GCC_DYNAMIC_NO_PIC = NO;
				GCC_NO_COMMON_BLOCKS = YES;
				GCC_OPTIMIZATION_LEVEL = 0;
				GCC_PREPROCESSOR_DEFINITIONS = (
					"DEBUG=1",
					"$(inherited)",
				);
				GCC_WARN_64_TO_32_BIT_CONVERSION = YES;
				GCC_WARN_ABOUT_RETURN_TYPE = YES_ERROR;
				GCC_WARN_UNDECLARED_SELECTOR = YES;
				GCC_WARN_UNINITIALIZED_AUTOS = YES_AGGRESSIVE;
				GCC_WARN_UNUSED_FUNCTION = YES;
				GCC_WARN_UNUSED_VARIABLE = YES;
				IPHONEOS_DEPLOYMENT_TARGET = 15.0;
				MTL_ENABLE_DEBUG_INFO = INCLUDE_SOURCE;
				MTL_FAST_MATH = YES;
				ONLY_ACTIVE_ARCH = YES;
				SDKROOT = iphoneos;
				SWIFT_ACTIVE_COMPILATION_CONDITIONS = DEBUG;
				SWIFT_OPTIMIZATION_LEVEL = "-Onone";
			};
			name = Debug;
		};
		9A76DC67271C28B200ABCEBF /* Release */ = {
			isa = XCBuildConfiguration;
			buildSettings = {
				ALWAYS_SEARCH_USER_PATHS = NO;
				CLANG_ANALYZER_NONNULL = YES;
				CLANG_ANALYZER_NUMBER_OBJECT_CONVERSION = YES_AGGRESSIVE;
				CLANG_CXX_LANGUAGE_STANDARD = "gnu++17";
				CLANG_CXX_LIBRARY = "libc++";
				CLANG_ENABLE_MODULES = YES;
				CLANG_ENABLE_OBJC_ARC = YES;
				CLANG_ENABLE_OBJC_WEAK = YES;
				CLANG_WARN_BLOCK_CAPTURE_AUTORELEASING = YES;
				CLANG_WARN_BOOL_CONVERSION = YES;
				CLANG_WARN_COMMA = YES;
				CLANG_WARN_CONSTANT_CONVERSION = YES;
				CLANG_WARN_DEPRECATED_OBJC_IMPLEMENTATIONS = YES;
				CLANG_WARN_DIRECT_OBJC_ISA_USAGE = YES_ERROR;
				CLANG_WARN_DOCUMENTATION_COMMENTS = YES;
				CLANG_WARN_EMPTY_BODY = YES;
				CLANG_WARN_ENUM_CONVERSION = YES;
				CLANG_WARN_INFINITE_RECURSION = YES;
				CLANG_WARN_INT_CONVERSION = YES;
				CLANG_WARN_NON_LITERAL_NULL_CONVERSION = YES;
				CLANG_WARN_OBJC_IMPLICIT_RETAIN_SELF = YES;
				CLANG_WARN_OBJC_LITERAL_CONVERSION = YES;
				CLANG_WARN_OBJC_ROOT_CLASS = YES_ERROR;
				CLANG_WARN_QUOTED_INCLUDE_IN_FRAMEWORK_HEADER = YES;
				CLANG_WARN_RANGE_LOOP_ANALYSIS = YES;
				CLANG_WARN_STRICT_PROTOTYPES = YES;
				CLANG_WARN_SUSPICIOUS_MOVE = YES;
				CLANG_WARN_UNGUARDED_AVAILABILITY = YES_AGGRESSIVE;
				CLANG_WARN_UNREACHABLE_CODE = YES;
				CLANG_WARN__DUPLICATE_METHOD_MATCH = YES;
				COPY_PHASE_STRIP = NO;
				DEBUG_INFORMATION_FORMAT = "dwarf-with-dsym";
				ENABLE_NS_ASSERTIONS = NO;
				ENABLE_STRICT_OBJC_MSGSEND = YES;
				GCC_C_LANGUAGE_STANDARD = gnu11;
				GCC_NO_COMMON_BLOCKS = YES;
				GCC_WARN_64_TO_32_BIT_CONVERSION = YES;
				GCC_WARN_ABOUT_RETURN_TYPE = YES_ERROR;
				GCC_WARN_UNDECLARED_SELECTOR = YES;
				GCC_WARN_UNINITIALIZED_AUTOS = YES_AGGRESSIVE;
				GCC_WARN_UNUSED_FUNCTION = YES;
				GCC_WARN_UNUSED_VARIABLE = YES;
				IPHONEOS_DEPLOYMENT_TARGET = 15.0;
				MTL_ENABLE_DEBUG_INFO = NO;
				MTL_FAST_MATH = YES;
				SDKROOT = iphoneos;
				SWIFT_COMPILATION_MODE = wholemodule;
				SWIFT_OPTIMIZATION_LEVEL = "-O";
				VALIDATE_PRODUCT = YES;
			};
			name = Release;
		};
		9A76DC69271C28B200ABCEBF /* Debug */ = {
			isa = XCBuildConfiguration;
			buildSettings = {
				ASSETCATALOG_COMPILER_APPICON_NAME = AppIcon;
				ASSETCATALOG_COMPILER_GLOBAL_ACCENT_COLOR_NAME = AccentColor;
				CODE_SIGN_STYLE = Automatic;
				CURRENT_PROJECT_VERSION = 1;
				GENERATE_INFOPLIST_FILE = YES;
				INFOPLIST_FILE = "Lab-09/Info.plist";
				INFOPLIST_KEY_UIApplicationSupportsIndirectInputEvents = YES;
				INFOPLIST_KEY_UILaunchStoryboardName = LaunchScreen;
				INFOPLIST_KEY_UIMainStoryboardFile = Main;
				INFOPLIST_KEY_UISupportedInterfaceOrientations_iPad = "UIInterfaceOrientationPortrait UIInterfaceOrientationPortraitUpsideDown UIInterfaceOrientationLandscapeLeft UIInterfaceOrientationLandscapeRight";
				INFOPLIST_KEY_UISupportedInterfaceOrientations_iPhone = "UIInterfaceOrientationPortrait UIInterfaceOrientationLandscapeLeft UIInterfaceOrientationLandscapeRight";
				LD_RUNPATH_SEARCH_PATHS = (
					"$(inherited)",
					"@executable_path/Frameworks",
				);
				MARKETING_VERSION = 1.0;
				PRODUCT_BUNDLE_IDENTIFIER = "tuwaiq-iosa.Lab-09";
				PRODUCT_NAME = "$(TARGET_NAME)";
				SWIFT_EMIT_LOC_STRINGS = YES;
				SWIFT_VERSION = 5.0;
				TARGETED_DEVICE_FAMILY = "1,2";
			};
			name = Debug;
		};
		9A76DC6A271C28B200ABCEBF /* Release */ = {
			isa = XCBuildConfiguration;
			buildSettings = {
				ASSETCATALOG_COMPILER_APPICON_NAME = AppIcon;
				ASSETCATALOG_COMPILER_GLOBAL_ACCENT_COLOR_NAME = AccentColor;
				CODE_SIGN_STYLE = Automatic;
				CURRENT_PROJECT_VERSION = 1;
				GENERATE_INFOPLIST_FILE = YES;
				INFOPLIST_FILE = "Lab-09/Info.plist";
				INFOPLIST_KEY_UIApplicationSupportsIndirectInputEvents = YES;
				INFOPLIST_KEY_UILaunchStoryboardName = LaunchScreen;
				INFOPLIST_KEY_UIMainStoryboardFile = Main;
				INFOPLIST_KEY_UISupportedInterfaceOrientations_iPad = "UIInterfaceOrientationPortrait UIInterfaceOrientationPortraitUpsideDown UIInterfaceOrientationLandscapeLeft UIInterfaceOrientationLandscapeRight";
				INFOPLIST_KEY_UISupportedInterfaceOrientations_iPhone = "UIInterfaceOrientationPortrait UIInterfaceOrientationLandscapeLeft UIInterfaceOrientationLandscapeRight";
				LD_RUNPATH_SEARCH_PATHS = (
					"$(inherited)",
					"@executable_path/Frameworks",
				);
				MARKETING_VERSION = 1.0;
				PRODUCT_BUNDLE_IDENTIFIER = "tuwaiq-iosa.Lab-09";
				PRODUCT_NAME = "$(TARGET_NAME)";
				SWIFT_EMIT_LOC_STRINGS = YES;
				SWIFT_VERSION = 5.0;
				TARGETED_DEVICE_FAMILY = "1,2";
			};
			name = Release;
		};
		9A76DC6C271C28B200ABCEBF /* Debug */ = {
			isa = XCBuildConfiguration;
			buildSettings = {
				ALWAYS_EMBED_SWIFT_STANDARD_LIBRARIES = YES;
				BUNDLE_LOADER = "$(TEST_HOST)";
				CODE_SIGN_STYLE = Automatic;
				CURRENT_PROJECT_VERSION = 1;
				GENERATE_INFOPLIST_FILE = YES;
				IPHONEOS_DEPLOYMENT_TARGET = 15.0;
				LD_RUNPATH_SEARCH_PATHS = (
					"$(inherited)",
					"@executable_path/Frameworks",
					"@loader_path/Frameworks",
				);
				MARKETING_VERSION = 1.0;
				PRODUCT_BUNDLE_IDENTIFIER = "tuwaiq-iosa.Lab-09Tests";
				PRODUCT_NAME = "$(TARGET_NAME)";
				SWIFT_EMIT_LOC_STRINGS = NO;
				SWIFT_VERSION = 5.0;
				TARGETED_DEVICE_FAMILY = "1,2";
				TEST_HOST = "$(BUILT_PRODUCTS_DIR)/Lab-09.app/Lab-09";
			};
			name = Debug;
		};
		9A76DC6D271C28B200ABCEBF /* Release */ = {
			isa = XCBuildConfiguration;
			buildSettings = {
				ALWAYS_EMBED_SWIFT_STANDARD_LIBRARIES = YES;
				BUNDLE_LOADER = "$(TEST_HOST)";
				CODE_SIGN_STYLE = Automatic;
				CURRENT_PROJECT_VERSION = 1;
				GENERATE_INFOPLIST_FILE = YES;
				IPHONEOS_DEPLOYMENT_TARGET = 15.0;
				LD_RUNPATH_SEARCH_PATHS = (
					"$(inherited)",
					"@executable_path/Frameworks",
					"@loader_path/Frameworks",
				);
				MARKETING_VERSION = 1.0;
				PRODUCT_BUNDLE_IDENTIFIER = "tuwaiq-iosa.Lab-09Tests";
				PRODUCT_NAME = "$(TARGET_NAME)";
				SWIFT_EMIT_LOC_STRINGS = NO;
				SWIFT_VERSION = 5.0;
				TARGETED_DEVICE_FAMILY = "1,2";
				TEST_HOST = "$(BUILT_PRODUCTS_DIR)/Lab-09.app/Lab-09";
			};
			name = Release;
		};
		9A76DC6F271C28B200ABCEBF /* Debug */ = {
			isa = XCBuildConfiguration;
			buildSettings = {
				ALWAYS_EMBED_SWIFT_STANDARD_LIBRARIES = YES;
				CODE_SIGN_STYLE = Automatic;
				CURRENT_PROJECT_VERSION = 1;
				GENERATE_INFOPLIST_FILE = YES;
				LD_RUNPATH_SEARCH_PATHS = (
					"$(inherited)",
					"@executable_path/Frameworks",
					"@loader_path/Frameworks",
				);
				MARKETING_VERSION = 1.0;
				PRODUCT_BUNDLE_IDENTIFIER = "tuwaiq-iosa.Lab-09UITests";
				PRODUCT_NAME = "$(TARGET_NAME)";
				SWIFT_EMIT_LOC_STRINGS = NO;
				SWIFT_VERSION = 5.0;
				TARGETED_DEVICE_FAMILY = "1,2";
				TEST_TARGET_NAME = "Lab-09";
			};
			name = Debug;
		};
		9A76DC70271C28B200ABCEBF /* Release */ = {
			isa = XCBuildConfiguration;
			buildSettings = {
				ALWAYS_EMBED_SWIFT_STANDARD_LIBRARIES = YES;
				CODE_SIGN_STYLE = Automatic;
				CURRENT_PROJECT_VERSION = 1;
				GENERATE_INFOPLIST_FILE = YES;
				LD_RUNPATH_SEARCH_PATHS = (
					"$(inherited)",
					"@executable_path/Frameworks",
					"@loader_path/Frameworks",
				);
				MARKETING_VERSION = 1.0;
				PRODUCT_BUNDLE_IDENTIFIER = "tuwaiq-iosa.Lab-09UITests";
				PRODUCT_NAME = "$(TARGET_NAME)";
				SWIFT_EMIT_LOC_STRINGS = NO;
				SWIFT_VERSION = 5.0;
				TARGETED_DEVICE_FAMILY = "1,2";
				TEST_TARGET_NAME = "Lab-09";
			};
			name = Release;
		};
/* End XCBuildConfiguration section */

/* Begin XCConfigurationList section */
		9A76DC39271C28B000ABCEBF /* Build configuration list for PBXProject "Lab-09" */ = {
			isa = XCConfigurationList;
			buildConfigurations = (
				9A76DC66271C28B200ABCEBF /* Debug */,
				9A76DC67271C28B200ABCEBF /* Release */,
			);
			defaultConfigurationIsVisible = 0;
			defaultConfigurationName = Release;
		};
		9A76DC68271C28B200ABCEBF /* Build configuration list for PBXNativeTarget "Lab-09" */ = {
			isa = XCConfigurationList;
			buildConfigurations = (
				9A76DC69271C28B200ABCEBF /* Debug */,
				9A76DC6A271C28B200ABCEBF /* Release */,
			);
			defaultConfigurationIsVisible = 0;
			defaultConfigurationName = Release;
		};
		9A76DC6B271C28B200ABCEBF /* Build configuration list for PBXNativeTarget "Lab-09Tests" */ = {
			isa = XCConfigurationList;
			buildConfigurations = (
				9A76DC6C271C28B200ABCEBF /* Debug */,
				9A76DC6D271C28B200ABCEBF /* Release */,
			);
			defaultConfigurationIsVisible = 0;
			defaultConfigurationName = Release;
		};
		9A76DC6E271C28B200ABCEBF /* Build configuration list for PBXNativeTarget "Lab-09UITests" */ = {
			isa = XCConfigurationList;
			buildConfigurations = (
				9A76DC6F271C28B200ABCEBF /* Debug */,
				9A76DC70271C28B200ABCEBF /* Release */,
			);
			defaultConfigurationIsVisible = 0;
			defaultConfigurationName = Release;
		};
/* End XCConfigurationList section */
	};
	rootObject = 9A76DC36271C28B000ABCEBF /* Project object */;
}
