// !$*UTF8*$!
{
	archiveVersion = 1;
	classes = {
	};
	objectVersion = 55;
	objects = {

/* Begin PBXBuildFile section */
		1171796F271C186A00458290 /* AppDelegate.swift in Sources */ = {isa = PBXBuildFile; fileRef = 1171796E271C186A00458290 /* AppDelegate.swift */; };
		11717971271C186A00458290 /* SceneDelegate.swift in Sources */ = {isa = PBXBuildFile; fileRef = 11717970271C186A00458290 /* SceneDelegate.swift */; };
		11717973271C186A00458290 /* ViewController.swift in Sources */ = {isa = PBXBuildFile; fileRef = 11717972271C186A00458290 /* ViewController.swift */; };
		11717976271C186A00458290 /* Main.storyboard in Resources */ = {isa = PBXBuildFile; fileRef = 11717974271C186A00458290 /* Main.storyboard */; };
		11717978271C186C00458290 /* Assets.xcassets in Resources */ = {isa = PBXBuildFile; fileRef = 11717977271C186C00458290 /* Assets.xcassets */; };
		1171797B271C186C00458290 /* LaunchScreen.storyboard in Resources */ = {isa = PBXBuildFile; fileRef = 11717979271C186C00458290 /* LaunchScreen.storyboard */; };
		11717986271C186C00458290 /* Lab09Tests.swift in Sources */ = {isa = PBXBuildFile; fileRef = 11717985271C186C00458290 /* Lab09Tests.swift */; };
		11717990271C186C00458290 /* Lab09UITests.swift in Sources */ = {isa = PBXBuildFile; fileRef = 1171798F271C186C00458290 /* Lab09UITests.swift */; };
		11717992271C186C00458290 /* Lab09UITestsLaunchTests.swift in Sources */ = {isa = PBXBuildFile; fileRef = 11717991271C186C00458290 /* Lab09UITestsLaunchTests.swift */; };
/* End PBXBuildFile section */

/* Begin PBXContainerItemProxy section */
		11717982271C186C00458290 /* PBXContainerItemProxy */ = {
			isa = PBXContainerItemProxy;
			containerPortal = 11717963271C186A00458290 /* Project object */;
			proxyType = 1;
			remoteGlobalIDString = 1171796A271C186A00458290;
			remoteInfo = Lab09;
		};
		1171798C271C186C00458290 /* PBXContainerItemProxy */ = {
			isa = PBXContainerItemProxy;
			containerPortal = 11717963271C186A00458290 /* Project object */;
			proxyType = 1;
			remoteGlobalIDString = 1171796A271C186A00458290;
			remoteInfo = Lab09;
		};
/* End PBXContainerItemProxy section */

/* Begin PBXFileReference section */
		1171796B271C186A00458290 /* Lab09.app */ = {isa = PBXFileReference; explicitFileType = wrapper.application; includeInIndex = 0; path = Lab09.app; sourceTree = BUILT_PRODUCTS_DIR; };
		1171796E271C186A00458290 /* AppDelegate.swift */ = {isa = PBXFileReference; lastKnownFileType = sourcecode.swift; path = AppDelegate.swift; sourceTree = "<group>"; };
		11717970271C186A00458290 /* SceneDelegate.swift */ = {isa = PBXFileReference; lastKnownFileType = sourcecode.swift; path = SceneDelegate.swift; sourceTree = "<group>"; };
		11717972271C186A00458290 /* ViewController.swift */ = {isa = PBXFileReference; lastKnownFileType = sourcecode.swift; path = ViewController.swift; sourceTree = "<group>"; };
		11717975271C186A00458290 /* Base */ = {isa = PBXFileReference; lastKnownFileType = file.storyboard; name = Base; path = Base.lproj/Main.storyboard; sourceTree = "<group>"; };
		11717977271C186C00458290 /* Assets.xcassets */ = {isa = PBXFileReference; lastKnownFileType = folder.assetcatalog; path = Assets.xcassets; sourceTree = "<group>"; };
		1171797A271C186C00458290 /* Base */ = {isa = PBXFileReference; lastKnownFileType = file.storyboard; name = Base; path = Base.lproj/LaunchScreen.storyboard; sourceTree = "<group>"; };
		1171797C271C186C00458290 /* Info.plist */ = {isa = PBXFileReference; lastKnownFileType = text.plist.xml; path = Info.plist; sourceTree = "<group>"; };
		11717981271C186C00458290 /* Lab09Tests.xctest */ = {isa = PBXFileReference; explicitFileType = wrapper.cfbundle; includeInIndex = 0; path = Lab09Tests.xctest; sourceTree = BUILT_PRODUCTS_DIR; };
		11717985271C186C00458290 /* Lab09Tests.swift */ = {isa = PBXFileReference; lastKnownFileType = sourcecode.swift; path = Lab09Tests.swift; sourceTree = "<group>"; };
		1171798B271C186C00458290 /* Lab09UITests.xctest */ = {isa = PBXFileReference; explicitFileType = wrapper.cfbundle; includeInIndex = 0; path = Lab09UITests.xctest; sourceTree = BUILT_PRODUCTS_DIR; };
		1171798F271C186C00458290 /* Lab09UITests.swift */ = {isa = PBXFileReference; lastKnownFileType = sourcecode.swift; path = Lab09UITests.swift; sourceTree = "<group>"; };
		11717991271C186C00458290 /* Lab09UITestsLaunchTests.swift */ = {isa = PBXFileReference; lastKnownFileType = sourcecode.swift; path = Lab09UITestsLaunchTests.swift; sourceTree = "<group>"; };
/* End PBXFileReference section */

/* Begin PBXFrameworksBuildPhase section */
		11717968271C186A00458290 /* Frameworks */ = {
			isa = PBXFrameworksBuildPhase;
			buildActionMask = 2147483647;
			files = (
			);
			runOnlyForDeploymentPostprocessing = 0;
		};
		1171797E271C186C00458290 /* Frameworks */ = {
			isa = PBXFrameworksBuildPhase;
			buildActionMask = 2147483647;
			files = (
			);
			runOnlyForDeploymentPostprocessing = 0;
		};
		11717988271C186C00458290 /* Frameworks */ = {
			isa = PBXFrameworksBuildPhase;
			buildActionMask = 2147483647;
			files = (
			);
			runOnlyForDeploymentPostprocessing = 0;
		};
/* End PBXFrameworksBuildPhase section */

/* Begin PBXGroup section */
		11717962271C186A00458290 = {
			isa = PBXGroup;
			children = (
				1171796D271C186A00458290 /* Lab09 */,
				11717984271C186C00458290 /* Lab09Tests */,
				1171798E271C186C00458290 /* Lab09UITests */,
				1171796C271C186A00458290 /* Products */,
			);
			sourceTree = "<group>";
		};
		1171796C271C186A00458290 /* Products */ = {
			isa = PBXGroup;
			children = (
				1171796B271C186A00458290 /* Lab09.app */,
				11717981271C186C00458290 /* Lab09Tests.xctest */,
				1171798B271C186C00458290 /* Lab09UITests.xctest */,
			);
			name = Products;
			sourceTree = "<group>";
		};
		1171796D271C186A00458290 /* Lab09 */ = {
			isa = PBXGroup;
			children = (
				1171796E271C186A00458290 /* AppDelegate.swift */,
				11717970271C186A00458290 /* SceneDelegate.swift */,
				11717972271C186A00458290 /* ViewController.swift */,
				11717974271C186A00458290 /* Main.storyboard */,
				11717977271C186C00458290 /* Assets.xcassets */,
				11717979271C186C00458290 /* LaunchScreen.storyboard */,
				1171797C271C186C00458290 /* Info.plist */,
			);
			path = Lab09;
			sourceTree = "<group>";
		};
		11717984271C186C00458290 /* Lab09Tests */ = {
			isa = PBXGroup;
			children = (
				11717985271C186C00458290 /* Lab09Tests.swift */,
			);
			path = Lab09Tests;
			sourceTree = "<group>";
		};
		1171798E271C186C00458290 /* Lab09UITests */ = {
			isa = PBXGroup;
			children = (
				1171798F271C186C00458290 /* Lab09UITests.swift */,
				11717991271C186C00458290 /* Lab09UITestsLaunchTests.swift */,
			);
			path = Lab09UITests;
			sourceTree = "<group>";
		};
/* End PBXGroup section */

/* Begin PBXNativeTarget section */
		1171796A271C186A00458290 /* Lab09 */ = {
			isa = PBXNativeTarget;
			buildConfigurationList = 11717995271C186C00458290 /* Build configuration list for PBXNativeTarget "Lab09" */;
			buildPhases = (
				11717967271C186A00458290 /* Sources */,
				11717968271C186A00458290 /* Frameworks */,
				11717969271C186A00458290 /* Resources */,
			);
			buildRules = (
			);
			dependencies = (
			);
			name = Lab09;
			productName = Lab09;
			productReference = 1171796B271C186A00458290 /* Lab09.app */;
			productType = "com.apple.product-type.application";
		};
		11717980271C186C00458290 /* Lab09Tests */ = {
			isa = PBXNativeTarget;
			buildConfigurationList = 11717998271C186C00458290 /* Build configuration list for PBXNativeTarget "Lab09Tests" */;
			buildPhases = (
				1171797D271C186C00458290 /* Sources */,
				1171797E271C186C00458290 /* Frameworks */,
				1171797F271C186C00458290 /* Resources */,
			);
			buildRules = (
			);
			dependencies = (
				11717983271C186C00458290 /* PBXTargetDependency */,
			);
			name = Lab09Tests;
			productName = Lab09Tests;
			productReference = 11717981271C186C00458290 /* Lab09Tests.xctest */;
			productType = "com.apple.product-type.bundle.unit-test";
		};
		1171798A271C186C00458290 /* Lab09UITests */ = {
			isa = PBXNativeTarget;
			buildConfigurationList = 1171799B271C186C00458290 /* Build configuration list for PBXNativeTarget "Lab09UITests" */;
			buildPhases = (
				11717987271C186C00458290 /* Sources */,
				11717988271C186C00458290 /* Frameworks */,
				11717989271C186C00458290 /* Resources */,
			);
			buildRules = (
			);
			dependencies = (
				1171798D271C186C00458290 /* PBXTargetDependency */,
			);
			name = Lab09UITests;
			productName = Lab09UITests;
			productReference = 1171798B271C186C00458290 /* Lab09UITests.xctest */;
			productType = "com.apple.product-type.bundle.ui-testing";
		};
/* End PBXNativeTarget section */

/* Begin PBXProject section */
		11717963271C186A00458290 /* Project object */ = {
			isa = PBXProject;
			attributes = {
				BuildIndependentTargetsInParallel = 1;
				LastSwiftUpdateCheck = 1300;
				LastUpgradeCheck = 1300;
				TargetAttributes = {
					1171796A271C186A00458290 = {
						CreatedOnToolsVersion = 13.0;
					};
					11717980271C186C00458290 = {
						CreatedOnToolsVersion = 13.0;
						TestTargetID = 1171796A271C186A00458290;
					};
					1171798A271C186C00458290 = {
						CreatedOnToolsVersion = 13.0;
						TestTargetID = 1171796A271C186A00458290;
					};
				};
			};
			buildConfigurationList = 11717966271C186A00458290 /* Build configuration list for PBXProject "Lab09" */;
			compatibilityVersion = "Xcode 13.0";
			developmentRegion = en;
			hasScannedForEncodings = 0;
			knownRegions = (
				en,
				Base,
			);
			mainGroup = 11717962271C186A00458290;
			productRefGroup = 1171796C271C186A00458290 /* Products */;
			projectDirPath = "";
			projectRoot = "";
			targets = (
				1171796A271C186A00458290 /* Lab09 */,
				11717980271C186C00458290 /* Lab09Tests */,
				1171798A271C186C00458290 /* Lab09UITests */,
			);
		};
/* End PBXProject section */

/* Begin PBXResourcesBuildPhase section */
		11717969271C186A00458290 /* Resources */ = {
			isa = PBXResourcesBuildPhase;
			buildActionMask = 2147483647;
			files = (
				1171797B271C186C00458290 /* LaunchScreen.storyboard in Resources */,
				11717978271C186C00458290 /* Assets.xcassets in Resources */,
				11717976271C186A00458290 /* Main.storyboard in Resources */,
			);
			runOnlyForDeploymentPostprocessing = 0;
		};
		1171797F271C186C00458290 /* Resources */ = {
			isa = PBXResourcesBuildPhase;
			buildActionMask = 2147483647;
			files = (
			);
			runOnlyForDeploymentPostprocessing = 0;
		};
		11717989271C186C00458290 /* Resources */ = {
			isa = PBXResourcesBuildPhase;
			buildActionMask = 2147483647;
			files = (
			);
			runOnlyForDeploymentPostprocessing = 0;
		};
/* End PBXResourcesBuildPhase section */

/* Begin PBXSourcesBuildPhase section */
		11717967271C186A00458290 /* Sources */ = {
			isa = PBXSourcesBuildPhase;
			buildActionMask = 2147483647;
			files = (
				11717973271C186A00458290 /* ViewController.swift in Sources */,
				1171796F271C186A00458290 /* AppDelegate.swift in Sources */,
				11717971271C186A00458290 /* SceneDelegate.swift in Sources */,
			);
			runOnlyForDeploymentPostprocessing = 0;
		};
		1171797D271C186C00458290 /* Sources */ = {
			isa = PBXSourcesBuildPhase;
			buildActionMask = 2147483647;
			files = (
				11717986271C186C00458290 /* Lab09Tests.swift in Sources */,
			);
			runOnlyForDeploymentPostprocessing = 0;
		};
		11717987271C186C00458290 /* Sources */ = {
			isa = PBXSourcesBuildPhase;
			buildActionMask = 2147483647;
			files = (
				11717990271C186C00458290 /* Lab09UITests.swift in Sources */,
				11717992271C186C00458290 /* Lab09UITestsLaunchTests.swift in Sources */,
			);
			runOnlyForDeploymentPostprocessing = 0;
		};
/* End PBXSourcesBuildPhase section */

/* Begin PBXTargetDependency section */
		11717983271C186C00458290 /* PBXTargetDependency */ = {
			isa = PBXTargetDependency;
			target = 1171796A271C186A00458290 /* Lab09 */;
			targetProxy = 11717982271C186C00458290 /* PBXContainerItemProxy */;
		};
		1171798D271C186C00458290 /* PBXTargetDependency */ = {
			isa = PBXTargetDependency;
			target = 1171796A271C186A00458290 /* Lab09 */;
			targetProxy = 1171798C271C186C00458290 /* PBXContainerItemProxy */;
		};
/* End PBXTargetDependency section */

/* Begin PBXVariantGroup section */
		11717974271C186A00458290 /* Main.storyboard */ = {
			isa = PBXVariantGroup;
			children = (
				11717975271C186A00458290 /* Base */,
			);
			name = Main.storyboard;
			sourceTree = "<group>";
		};
		11717979271C186C00458290 /* LaunchScreen.storyboard */ = {
			isa = PBXVariantGroup;
			children = (
				1171797A271C186C00458290 /* Base */,
			);
			name = LaunchScreen.storyboard;
			sourceTree = "<group>";
		};
/* End PBXVariantGroup section */

/* Begin XCBuildConfiguration section */
		11717993271C186C00458290 /* Debug */ = {
			isa = XCBuildConfiguration;
			buildSettings = {
				ALWAYS_SEARCH_USER_PATHS = NO;
				CLANG_ANALYZER_NONNULL = YES;
				CLANG_ANALYZER_NUMBER_OBJECT_CONVERSION = YES_AGGRESSIVE;
				CLANG_CXX_LANGUAGE_STANDARD = "gnu++17";
				CLANG_CXX_LIBRARY = "libc++";
				CLANG_ENABLE_MODULES = YES;
				CLANG_ENABLE_OBJC_ARC = YES;
				CLANG_ENABLE_OBJC_WEAK = YES;
				CLANG_WARN_BLOCK_CAPTURE_AUTORELEASING = YES;
				CLANG_WARN_BOOL_CONVERSION = YES;
				CLANG_WARN_COMMA = YES;
				CLANG_WARN_CONSTANT_CONVERSION = YES;
				CLANG_WARN_DEPRECATED_OBJC_IMPLEMENTATIONS = YES;
				CLANG_WARN_DIRECT_OBJC_ISA_USAGE = YES_ERROR;
				CLANG_WARN_DOCUMENTATION_COMMENTS = YES;
				CLANG_WARN_EMPTY_BODY = YES;
				CLANG_WARN_ENUM_CONVERSION = YES;
				CLANG_WARN_INFINITE_RECURSION = YES;
				CLANG_WARN_INT_CONVERSION = YES;
				CLANG_WARN_NON_LITERAL_NULL_CONVERSION = YES;
				CLANG_WARN_OBJC_IMPLICIT_RETAIN_SELF = YES;
				CLANG_WARN_OBJC_LITERAL_CONVERSION = YES;
				CLANG_WARN_OBJC_ROOT_CLASS = YES_ERROR;
				CLANG_WARN_QUOTED_INCLUDE_IN_FRAMEWORK_HEADER = YES;
				CLANG_WARN_RANGE_LOOP_ANALYSIS = YES;
				CLANG_WARN_STRICT_PROTOTYPES = YES;
				CLANG_WARN_SUSPICIOUS_MOVE = YES;
				CLANG_WARN_UNGUARDED_AVAILABILITY = YES_AGGRESSIVE;
				CLANG_WARN_UNREACHABLE_CODE = YES;
				CLANG_WARN__DUPLICATE_METHOD_MATCH = YES;
				COPY_PHASE_STRIP = NO;
				DEBUG_INFORMATION_FORMAT = dwarf;
				ENABLE_STRICT_OBJC_MSGSEND = YES;
				ENABLE_TESTABILITY = YES;
				GCC_C_LANGUAGE_STANDARD = gnu11;
				GCC_DYNAMIC_NO_PIC = NO;
				GCC_NO_COMMON_BLOCKS = YES;
				GCC_OPTIMIZATION_LEVEL = 0;
				GCC_PREPROCESSOR_DEFINITIONS = (
					"DEBUG=1",
					"$(inherited)",
				);
				GCC_WARN_64_TO_32_BIT_CONVERSION = YES;
				GCC_WARN_ABOUT_RETURN_TYPE = YES_ERROR;
				GCC_WARN_UNDECLARED_SELECTOR = YES;
				GCC_WARN_UNINITIALIZED_AUTOS = YES_AGGRESSIVE;
				GCC_WARN_UNUSED_FUNCTION = YES;
				GCC_WARN_UNUSED_VARIABLE = YES;
				IPHONEOS_DEPLOYMENT_TARGET = 15.0;
				MTL_ENABLE_DEBUG_INFO = INCLUDE_SOURCE;
				MTL_FAST_MATH = YES;
				ONLY_ACTIVE_ARCH = YES;
				SDKROOT = iphoneos;
				SWIFT_ACTIVE_COMPILATION_CONDITIONS = DEBUG;
				SWIFT_OPTIMIZATION_LEVEL = "-Onone";
			};
			name = Debug;
		};
		11717994271C186C00458290 /* Release */ = {
			isa = XCBuildConfiguration;
			buildSettings = {
				ALWAYS_SEARCH_USER_PATHS = NO;
				CLANG_ANALYZER_NONNULL = YES;
				CLANG_ANALYZER_NUMBER_OBJECT_CONVERSION = YES_AGGRESSIVE;
				CLANG_CXX_LANGUAGE_STANDARD = "gnu++17";
				CLANG_CXX_LIBRARY = "libc++";
				CLANG_ENABLE_MODULES = YES;
				CLANG_ENABLE_OBJC_ARC = YES;
				CLANG_ENABLE_OBJC_WEAK = YES;
				CLANG_WARN_BLOCK_CAPTURE_AUTORELEASING = YES;
				CLANG_WARN_BOOL_CONVERSION = YES;
				CLANG_WARN_COMMA = YES;
				CLANG_WARN_CONSTANT_CONVERSION = YES;
				CLANG_WARN_DEPRECATED_OBJC_IMPLEMENTATIONS = YES;
				CLANG_WARN_DIRECT_OBJC_ISA_USAGE = YES_ERROR;
				CLANG_WARN_DOCUMENTATION_COMMENTS = YES;
				CLANG_WARN_EMPTY_BODY = YES;
				CLANG_WARN_ENUM_CONVERSION = YES;
				CLANG_WARN_INFINITE_RECURSION = YES;
				CLANG_WARN_INT_CONVERSION = YES;
				CLANG_WARN_NON_LITERAL_NULL_CONVERSION = YES;
				CLANG_WARN_OBJC_IMPLICIT_RETAIN_SELF = YES;
				CLANG_WARN_OBJC_LITERAL_CONVERSION = YES;
				CLANG_WARN_OBJC_ROOT_CLASS = YES_ERROR;
				CLANG_WARN_QUOTED_INCLUDE_IN_FRAMEWORK_HEADER = YES;
				CLANG_WARN_RANGE_LOOP_ANALYSIS = YES;
				CLANG_WARN_STRICT_PROTOTYPES = YES;
				CLANG_WARN_SUSPICIOUS_MOVE = YES;
				CLANG_WARN_UNGUARDED_AVAILABILITY = YES_AGGRESSIVE;
				CLANG_WARN_UNREACHABLE_CODE = YES;
				CLANG_WARN__DUPLICATE_METHOD_MATCH = YES;
				COPY_PHASE_STRIP = NO;
				DEBUG_INFORMATION_FORMAT = "dwarf-with-dsym";
				ENABLE_NS_ASSERTIONS = NO;
				ENABLE_STRICT_OBJC_MSGSEND = YES;
				GCC_C_LANGUAGE_STANDARD = gnu11;
				GCC_NO_COMMON_BLOCKS = YES;
				GCC_WARN_64_TO_32_BIT_CONVERSION = YES;
				GCC_WARN_ABOUT_RETURN_TYPE = YES_ERROR;
				GCC_WARN_UNDECLARED_SELECTOR = YES;
				GCC_WARN_UNINITIALIZED_AUTOS = YES_AGGRESSIVE;
				GCC_WARN_UNUSED_FUNCTION = YES;
				GCC_WARN_UNUSED_VARIABLE = YES;
				IPHONEOS_DEPLOYMENT_TARGET = 15.0;
				MTL_ENABLE_DEBUG_INFO = NO;
				MTL_FAST_MATH = YES;
				SDKROOT = iphoneos;
				SWIFT_COMPILATION_MODE = wholemodule;
				SWIFT_OPTIMIZATION_LEVEL = "-O";
				VALIDATE_PRODUCT = YES;
			};
			name = Release;
		};
		11717996271C186C00458290 /* Debug */ = {
			isa = XCBuildConfiguration;
			buildSettings = {
				ASSETCATALOG_COMPILER_APPICON_NAME = AppIcon;
				ASSETCATALOG_COMPILER_GLOBAL_ACCENT_COLOR_NAME = AccentColor;
				CODE_SIGN_STYLE = Automatic;
				CURRENT_PROJECT_VERSION = 1;
				GENERATE_INFOPLIST_FILE = YES;
				INFOPLIST_FILE = Lab09/Info.plist;
				INFOPLIST_KEY_UIApplicationSupportsIndirectInputEvents = YES;
				INFOPLIST_KEY_UILaunchStoryboardName = LaunchScreen;
				INFOPLIST_KEY_UIMainStoryboardFile = Main;
				INFOPLIST_KEY_UISupportedInterfaceOrientations_iPad = "UIInterfaceOrientationPortrait UIInterfaceOrientationPortraitUpsideDown UIInterfaceOrientationLandscapeLeft UIInterfaceOrientationLandscapeRight";
				INFOPLIST_KEY_UISupportedInterfaceOrientations_iPhone = "UIInterfaceOrientationPortrait UIInterfaceOrientationLandscapeLeft UIInterfaceOrientationLandscapeRight";
				LD_RUNPATH_SEARCH_PATHS = (
					"$(inherited)",
					"@executable_path/Frameworks",
				);
				MARKETING_VERSION = 1.0;
				PRODUCT_BUNDLE_IDENTIFIER = com.bushra.Lab09;
				PRODUCT_NAME = "$(TARGET_NAME)";
				SWIFT_EMIT_LOC_STRINGS = YES;
				SWIFT_VERSION = 5.0;
				TARGETED_DEVICE_FAMILY = "1,2";
			};
			name = Debug;
		};
		11717997271C186C00458290 /* Release */ = {
			isa = XCBuildConfiguration;
			buildSettings = {
				ASSETCATALOG_COMPILER_APPICON_NAME = AppIcon;
				ASSETCATALOG_COMPILER_GLOBAL_ACCENT_COLOR_NAME = AccentColor;
				CODE_SIGN_STYLE = Automatic;
				CURRENT_PROJECT_VERSION = 1;
				GENERATE_INFOPLIST_FILE = YES;
				INFOPLIST_FILE = Lab09/Info.plist;
				INFOPLIST_KEY_UIApplicationSupportsIndirectInputEvents = YES;
				INFOPLIST_KEY_UILaunchStoryboardName = LaunchScreen;
				INFOPLIST_KEY_UIMainStoryboardFile = Main;
				INFOPLIST_KEY_UISupportedInterfaceOrientations_iPad = "UIInterfaceOrientationPortrait UIInterfaceOrientationPortraitUpsideDown UIInterfaceOrientationLandscapeLeft UIInterfaceOrientationLandscapeRight";
				INFOPLIST_KEY_UISupportedInterfaceOrientations_iPhone = "UIInterfaceOrientationPortrait UIInterfaceOrientationLandscapeLeft UIInterfaceOrientationLandscapeRight";
				LD_RUNPATH_SEARCH_PATHS = (
					"$(inherited)",
					"@executable_path/Frameworks",
				);
				MARKETING_VERSION = 1.0;
				PRODUCT_BUNDLE_IDENTIFIER = com.bushra.Lab09;
				PRODUCT_NAME = "$(TARGET_NAME)";
				SWIFT_EMIT_LOC_STRINGS = YES;
				SWIFT_VERSION = 5.0;
				TARGETED_DEVICE_FAMILY = "1,2";
			};
			name = Release;
		};
		11717999271C186C00458290 /* Debug */ = {
			isa = XCBuildConfiguration;
			buildSettings = {
				ALWAYS_EMBED_SWIFT_STANDARD_LIBRARIES = YES;
				BUNDLE_LOADER = "$(TEST_HOST)";
				CODE_SIGN_STYLE = Automatic;
				CURRENT_PROJECT_VERSION = 1;
				GENERATE_INFOPLIST_FILE = YES;
				IPHONEOS_DEPLOYMENT_TARGET = 15.0;
				LD_RUNPATH_SEARCH_PATHS = (
					"$(inherited)",
					"@executable_path/Frameworks",
					"@loader_path/Frameworks",
				);
				MARKETING_VERSION = 1.0;
				PRODUCT_BUNDLE_IDENTIFIER = com.bushra.Lab09Tests;
				PRODUCT_NAME = "$(TARGET_NAME)";
				SWIFT_EMIT_LOC_STRINGS = NO;
				SWIFT_VERSION = 5.0;
				TARGETED_DEVICE_FAMILY = "1,2";
				TEST_HOST = "$(BUILT_PRODUCTS_DIR)/Lab09.app/Lab09";
			};
			name = Debug;
		};
		1171799A271C186C00458290 /* Release */ = {
			isa = XCBuildConfiguration;
			buildSettings = {
				ALWAYS_EMBED_SWIFT_STANDARD_LIBRARIES = YES;
				BUNDLE_LOADER = "$(TEST_HOST)";
				CODE_SIGN_STYLE = Automatic;
				CURRENT_PROJECT_VERSION = 1;
				GENERATE_INFOPLIST_FILE = YES;
				IPHONEOS_DEPLOYMENT_TARGET = 15.0;
				LD_RUNPATH_SEARCH_PATHS = (
					"$(inherited)",
					"@executable_path/Frameworks",
					"@loader_path/Frameworks",
				);
				MARKETING_VERSION = 1.0;
				PRODUCT_BUNDLE_IDENTIFIER = com.bushra.Lab09Tests;
				PRODUCT_NAME = "$(TARGET_NAME)";
				SWIFT_EMIT_LOC_STRINGS = NO;
				SWIFT_VERSION = 5.0;
				TARGETED_DEVICE_FAMILY = "1,2";
				TEST_HOST = "$(BUILT_PRODUCTS_DIR)/Lab09.app/Lab09";
			};
			name = Release;
		};
		1171799C271C186C00458290 /* Debug */ = {
			isa = XCBuildConfiguration;
			buildSettings = {
				ALWAYS_EMBED_SWIFT_STANDARD_LIBRARIES = YES;
				CODE_SIGN_STYLE = Automatic;
				CURRENT_PROJECT_VERSION = 1;
				GENERATE_INFOPLIST_FILE = YES;
				LD_RUNPATH_SEARCH_PATHS = (
					"$(inherited)",
					"@executable_path/Frameworks",
					"@loader_path/Frameworks",
				);
				MARKETING_VERSION = 1.0;
				PRODUCT_BUNDLE_IDENTIFIER = com.bushra.Lab09UITests;
				PRODUCT_NAME = "$(TARGET_NAME)";
				SWIFT_EMIT_LOC_STRINGS = NO;
				SWIFT_VERSION = 5.0;
				TARGETED_DEVICE_FAMILY = "1,2";
				TEST_TARGET_NAME = Lab09;
			};
			name = Debug;
		};
		1171799D271C186C00458290 /* Release */ = {
			isa = XCBuildConfiguration;
			buildSettings = {
				ALWAYS_EMBED_SWIFT_STANDARD_LIBRARIES = YES;
				CODE_SIGN_STYLE = Automatic;
				CURRENT_PROJECT_VERSION = 1;
				GENERATE_INFOPLIST_FILE = YES;
				LD_RUNPATH_SEARCH_PATHS = (
					"$(inherited)",
					"@executable_path/Frameworks",
					"@loader_path/Frameworks",
				);
				MARKETING_VERSION = 1.0;
				PRODUCT_BUNDLE_IDENTIFIER = com.bushra.Lab09UITests;
				PRODUCT_NAME = "$(TARGET_NAME)";
				SWIFT_EMIT_LOC_STRINGS = NO;
				SWIFT_VERSION = 5.0;
				TARGETED_DEVICE_FAMILY = "1,2";
				TEST_TARGET_NAME = Lab09;
			};
			name = Release;
		};
/* End XCBuildConfiguration section */

/* Begin XCConfigurationList section */
		11717966271C186A00458290 /* Build configuration list for PBXProject "Lab09" */ = {
			isa = XCConfigurationList;
			buildConfigurations = (
				11717993271C186C00458290 /* Debug */,
				11717994271C186C00458290 /* Release */,
			);
			defaultConfigurationIsVisible = 0;
			defaultConfigurationName = Release;
		};
		11717995271C186C00458290 /* Build configuration list for PBXNativeTarget "Lab09" */ = {
			isa = XCConfigurationList;
			buildConfigurations = (
				11717996271C186C00458290 /* Debug */,
				11717997271C186C00458290 /* Release */,
			);
			defaultConfigurationIsVisible = 0;
			defaultConfigurationName = Release;
		};
		11717998271C186C00458290 /* Build configuration list for PBXNativeTarget "Lab09Tests" */ = {
			isa = XCConfigurationList;
			buildConfigurations = (
				11717999271C186C00458290 /* Debug */,
				1171799A271C186C00458290 /* Release */,
			);
			defaultConfigurationIsVisible = 0;
			defaultConfigurationName = Release;
		};
		1171799B271C186C00458290 /* Build configuration list for PBXNativeTarget "Lab09UITests" */ = {
			isa = XCConfigurationList;
			buildConfigurations = (
				1171799C271C186C00458290 /* Debug */,
				1171799D271C186C00458290 /* Release */,
			);
			defaultConfigurationIsVisible = 0;
			defaultConfigurationName = Release;
		};
/* End XCConfigurationList section */
	};
	rootObject = 11717963271C186A00458290 /* Project object */;
}
